{
  "version": 4,
  "terraform_version": "1.5.7",
  "serial": 147,
  "lineage": "9ef19f14-a59b-21e6-39bd-fd0113b23701",
  "outputs": {
    "alb_dns_name": {
      "value": "dev-winspire-alb-360693738.eu-central-1.elb.amazonaws.com",
      "type": "string"
    },
    "ecs_cluster_name": {
      "value": "dev-winspire-cluster",
      "type": "string"
    },
    "redis_endpoint": {
      "value": "dev-winspire-redis.7o5zlr.ng.0001.euc1.cache.amazonaws.com",
      "type": "string",
      "sensitive": true
    },
    "service_log_groups": {
      "value": {
        "game_management": "/ecs/dev/game-management",
        "matchmaking": "/ecs/dev/matchmaking",
        "tournament": "/ecs/dev/tournament"
      },
      "type": [
        "object",
        {
          "game_management": "string",
          "matchmaking": "string",
          "tournament": "string"
        }
      ]
    },
    "vpc_id": {
      "value": "vpc-09f33a37a61a241b3",
      "type": "string"
    }
  },
  "resources": [
    {
      "mode": "data",
      "type": "aws_caller_identity",
      "name": "current",
      "provider": "provider[\"registry.terraform.io/hashicorp/aws\"]",
      "instances": [
        {
          "schema_version": 0,
          "attributes": {
            "account_id": "173517262742",
            "arn": "arn:aws:iam::173517262742:root",
            "id": "173517262742",
            "user_id": "173517262742"
          },
          "sensitive_attributes": []
        }
      ]
    },
    {
      "mode": "managed",
      "type": "aws_ecs_cluster",
      "name": "main",
      "provider": "provider[\"registry.terraform.io/hashicorp/aws\"]",
      "instances": [
        {
          "schema_version": 0,
          "attributes": {
            "arn": "arn:aws:ecs:eu-central-1:173517262742:cluster/dev-winspire-cluster",
            "configuration": [],
            "id": "arn:aws:ecs:eu-central-1:173517262742:cluster/dev-winspire-cluster",
            "name": "dev-winspire-cluster",
            "service_connect_defaults": [],
            "setting": [
              {
                "name": "containerInsights",
                "value": "enabled"
              }
            ],
            "tags": {
              "Name": "dev-winspire-cluster"
            },
            "tags_all": {
              "Environment": "dev",
              "ManagedBy": "Terraform",
              "Name": "dev-winspire-cluster",
              "Project": "Winspire"
            }
          },
          "sensitive_attributes": [],
          "private": "bnVsbA=="
        }
      ]
    },
    {
      "mode": "managed",
      "type": "aws_lb_listener_rule",
      "name": "game_management",
      "provider": "provider[\"registry.terraform.io/hashicorp/aws\"]",
      "instances": [
        {
          "schema_version": 0,
          "attributes": {
            "action": [
              {
                "authenticate_cognito": [],
                "authenticate_oidc": [],
                "fixed_response": [],
                "forward": [],
                "order": 1,
                "redirect": [],
                "target_group_arn": "arn:aws:elasticloadbalancing:eu-central-1:173517262742:targetgroup/dev-game-management/dc669bfc3614707d",
                "type": "forward"
              }
            ],
            "arn": "arn:aws:elasticloadbalancing:eu-central-1:173517262742:listener-rule/app/dev-winspire-alb/acb6730be66e4918/3412fbdc22bde7df/193e298f237c8141",
            "condition": [
              {
                "host_header": [],
                "http_header": [],
                "http_request_method": [],
                "path_pattern": [
                  {
                    "values": [
                      "/v1/bundles",
                      "/v1/bundles/*",
                      "/v1/games",
                      "/v1/games/*"
                    ]
                  }
                ],
                "query_string": [],
                "source_ip": []
              }
            ],
            "id": "arn:aws:elasticloadbalancing:eu-central-1:173517262742:listener-rule/app/dev-winspire-alb/acb6730be66e4918/3412fbdc22bde7df/193e298f237c8141",
            "listener_arn": "arn:aws:elasticloadbalancing:eu-central-1:173517262742:listener/app/dev-winspire-alb/acb6730be66e4918/3412fbdc22bde7df",
            "priority": 200,
            "tags": {},
            "tags_all": {
              "Environment": "dev",
              "ManagedBy": "Terraform",
              "Project": "Winspire"
            }
          },
          "sensitive_attributes": [],
          "private": "bnVsbA==",
          "dependencies": [
            "module.alb.aws_lb.main",
            "module.alb.aws_lb_listener.http",
            "module.alb.aws_security_group.alb",
            "module.game_management.aws_lb_target_group.main",
            "module.vpc.aws_subnet.public",
            "module.vpc.aws_vpc.main",
            "module.vpc.data.aws_availability_zones.available"
          ]
        }
      ]
    },
    {
      "mode": "managed",
      "type": "aws_lb_listener_rule",
      "name": "matchmaking_brackets",
      "provider": "provider[\"registry.terraform.io/hashicorp/aws\"]",
      "instances": [
        {
          "schema_version": 0,
          "attributes": {
            "action": [
              {
                "authenticate_cognito": [],
                "authenticate_oidc": [],
                "fixed_response": [],
                "forward": [],
                "order": 1,
                "redirect": [],
                "target_group_arn": "arn:aws:elasticloadbalancing:eu-central-1:173517262742:targetgroup/dev-matchmaking/e2c7f7ab5864bd97",
                "type": "forward"
              }
            ],
            "arn": "arn:aws:elasticloadbalancing:eu-central-1:173517262742:listener-rule/app/dev-winspire-alb/acb6730be66e4918/3412fbdc22bde7df/561af855ea4b3f09",
            "condition": [
              {
                "host_header": [],
                "http_header": [],
                "http_request_method": [],
                "path_pattern": [
                  {
                    "values": [
                      "/v1/brackets",
                      "/v1/brackets/*"
                    ]
                  }
                ],
                "query_string": [],
                "source_ip": []
              }
            ],
            "id": "arn:aws:elasticloadbalancing:eu-central-1:173517262742:listener-rule/app/dev-winspire-alb/acb6730be66e4918/3412fbdc22bde7df/561af855ea4b3f09",
            "listener_arn": "arn:aws:elasticloadbalancing:eu-central-1:173517262742:listener/app/dev-winspire-alb/acb6730be66e4918/3412fbdc22bde7df",
            "priority": 150,
            "tags": {},
            "tags_all": {
              "Environment": "dev",
              "ManagedBy": "Terraform",
              "Project": "Winspire"
            }
          },
          "sensitive_attributes": [],
          "private": "bnVsbA==",
          "dependencies": [
            "module.alb.aws_lb.main",
            "module.alb.aws_lb_listener.http",
            "module.alb.aws_security_group.alb",
            "module.matchmaking.aws_lb_target_group.main",
            "module.vpc.aws_subnet.public",
            "module.vpc.aws_vpc.main",
            "module.vpc.data.aws_availability_zones.available"
          ]
        }
      ]
    },
    {
      "mode": "managed",
      "type": "aws_lb_listener_rule",
      "name": "matchmaking_matches",
      "provider": "provider[\"registry.terraform.io/hashicorp/aws\"]",
      "instances": [
        {
          "schema_version": 0,
          "attributes": {
            "action": [
              {
                "authenticate_cognito": [],
                "authenticate_oidc": [],
                "fixed_response": [],
                "forward": [],
                "order": 1,
                "redirect": [],
                "target_group_arn": "arn:aws:elasticloadbalancing:eu-central-1:173517262742:targetgroup/dev-matchmaking/e2c7f7ab5864bd97",
                "type": "forward"
              }
            ],
            "arn": "arn:aws:elasticloadbalancing:eu-central-1:173517262742:listener-rule/app/dev-winspire-alb/acb6730be66e4918/3412fbdc22bde7df/47551ccc15bd4bcc",
            "condition": [
              {
                "host_header": [],
                "http_header": [],
                "http_request_method": [],
                "path_pattern": [
                  {
                    "values": [
                      "/v1/lobbies",
                      "/v1/lobbies/*",
                      "/v1/matches",
                      "/v1/matches/*"
                    ]
                  }
                ],
                "query_string": [],
                "source_ip": []
              }
            ],
            "id": "arn:aws:elasticloadbalancing:eu-central-1:173517262742:listener-rule/app/dev-winspire-alb/acb6730be66e4918/3412fbdc22bde7df/47551ccc15bd4bcc",
            "listener_arn": "arn:aws:elasticloadbalancing:eu-central-1:173517262742:listener/app/dev-winspire-alb/acb6730be66e4918/3412fbdc22bde7df",
            "priority": 151,
            "tags": {},
            "tags_all": {
              "Environment": "dev",
              "ManagedBy": "Terraform",
              "Project": "Winspire"
            }
          },
          "sensitive_attributes": [],
          "private": "bnVsbA==",
          "dependencies": [
            "module.alb.aws_lb.main",
            "module.alb.aws_lb_listener.http",
            "module.alb.aws_security_group.alb",
            "module.matchmaking.aws_lb_target_group.main",
            "module.vpc.aws_subnet.public",
            "module.vpc.aws_vpc.main",
            "module.vpc.data.aws_availability_zones.available"
          ]
        }
      ]
    },
    {
      "mode": "managed",
      "type": "aws_lb_listener_rule",
      "name": "tournament_hosts",
      "provider": "provider[\"registry.terraform.io/hashicorp/aws\"]",
      "instances": [
        {
          "schema_version": 0,
          "attributes": {
            "action": [
              {
                "authenticate_cognito": [],
                "authenticate_oidc": [],
                "fixed_response": [],
                "forward": [],
                "order": 1,
                "redirect": [],
                "target_group_arn": "arn:aws:elasticloadbalancing:eu-central-1:173517262742:targetgroup/dev-tournament/e7cede9a3dd2b06f",
                "type": "forward"
              }
            ],
            "arn": "arn:aws:elasticloadbalancing:eu-central-1:173517262742:listener-rule/app/dev-winspire-alb/acb6730be66e4918/3412fbdc22bde7df/701e99d9fe4243bd",
            "condition": [
              {
                "host_header": [],
                "http_header": [],
                "http_request_method": [],
                "path_pattern": [
                  {
                    "values": [
                      "/v1/hosts",
                      "/v1/hosts/*",
                      "/v1/registrations",
                      "/v1/registrations/*"
                    ]
                  }
                ],
                "query_string": [],
                "source_ip": []
              }
            ],
            "id": "arn:aws:elasticloadbalancing:eu-central-1:173517262742:listener-rule/app/dev-winspire-alb/acb6730be66e4918/3412fbdc22bde7df/701e99d9fe4243bd",
            "listener_arn": "arn:aws:elasticloadbalancing:eu-central-1:173517262742:listener/app/dev-winspire-alb/acb6730be66e4918/3412fbdc22bde7df",
            "priority": 101,
            "tags": {},
            "tags_all": {
              "Environment": "dev",
              "ManagedBy": "Terraform",
              "Project": "Winspire"
            }
          },
          "sensitive_attributes": [],
          "private": "bnVsbA==",
          "dependencies": [
            "module.alb.aws_lb.main",
            "module.alb.aws_lb_listener.http",
            "module.alb.aws_security_group.alb",
            "module.tournament.aws_lb_target_group.main",
            "module.vpc.aws_subnet.public",
            "module.vpc.aws_vpc.main",
            "module.vpc.data.aws_availability_zones.available"
          ]
        }
      ]
    },
    {
      "mode": "managed",
      "type": "aws_lb_listener_rule",
      "name": "tournament_tournaments",
      "provider": "provider[\"registry.terraform.io/hashicorp/aws\"]",
      "instances": [
        {
          "schema_version": 0,
          "attributes": {
            "action": [
              {
                "authenticate_cognito": [],
                "authenticate_oidc": [],
                "fixed_response": [],
                "forward": [],
                "order": 1,
                "redirect": [],
                "target_group_arn": "arn:aws:elasticloadbalancing:eu-central-1:173517262742:targetgroup/dev-tournament/e7cede9a3dd2b06f",
                "type": "forward"
              }
            ],
            "arn": "arn:aws:elasticloadbalancing:eu-central-1:173517262742:listener-rule/app/dev-winspire-alb/acb6730be66e4918/3412fbdc22bde7df/d2f6ac060ec3332e",
            "condition": [
              {
                "host_header": [],
                "http_header": [],
                "http_request_method": [],
                "path_pattern": [
                  {
                    "values": [
                      "/v1/tournaments",
                      "/v1/tournaments/*"
                    ]
                  }
                ],
                "query_string": [],
                "source_ip": []
              }
            ],
            "id": "arn:aws:elasticloadbalancing:eu-central-1:173517262742:listener-rule/app/dev-winspire-alb/acb6730be66e4918/3412fbdc22bde7df/d2f6ac060ec3332e",
            "listener_arn": "arn:aws:elasticloadbalancing:eu-central-1:173517262742:listener/app/dev-winspire-alb/acb6730be66e4918/3412fbdc22bde7df",
            "priority": 100,
            "tags": {},
            "tags_all": {
              "Environment": "dev",
              "ManagedBy": "Terraform",
              "Project": "Winspire"
            }
          },
          "sensitive_attributes": [],
          "private": "bnVsbA==",
          "dependencies": [
            "module.alb.aws_lb.main",
            "module.alb.aws_lb_listener.http",
            "module.alb.aws_security_group.alb",
            "module.tournament.aws_lb_target_group.main",
            "module.vpc.aws_subnet.public",
            "module.vpc.aws_vpc.main",
            "module.vpc.data.aws_availability_zones.available"
          ]
        }
      ]
    },
    {
      "module": "module.alb",
      "mode": "managed",
      "type": "aws_lb",
      "name": "main",
      "provider": "provider[\"registry.terraform.io/hashicorp/aws\"]",
      "instances": [
        {
          "schema_version": 0,
          "attributes": {
            "access_logs": [
              {
                "bucket": "",
                "enabled": false,
                "prefix": ""
              }
            ],
            "arn": "arn:aws:elasticloadbalancing:eu-central-1:173517262742:loadbalancer/app/dev-winspire-alb/acb6730be66e4918",
            "arn_suffix": "app/dev-winspire-alb/acb6730be66e4918",
            "client_keep_alive": 3600,
            "connection_logs": [
              {
                "bucket": "",
                "enabled": false,
                "prefix": ""
              }
            ],
            "customer_owned_ipv4_pool": "",
            "desync_mitigation_mode": "defensive",
            "dns_name": "dev-winspire-alb-360693738.eu-central-1.elb.amazonaws.com",
            "dns_record_client_routing_policy": null,
            "drop_invalid_header_fields": false,
            "enable_cross_zone_load_balancing": true,
            "enable_deletion_protection": false,
            "enable_http2": true,
            "enable_tls_version_and_cipher_suite_headers": false,
            "enable_waf_fail_open": false,
            "enable_xff_client_port": false,
            "enable_zonal_shift": false,
            "enforce_security_group_inbound_rules_on_private_link_traffic": "",
            "id": "arn:aws:elasticloadbalancing:eu-central-1:173517262742:loadbalancer/app/dev-winspire-alb/acb6730be66e4918",
            "idle_timeout": 60,
            "internal": false,
            "ip_address_type": "ipv4",
            "ipam_pools": [],
            "load_balancer_type": "application",
            "minimum_load_balancer_capacity": [],
            "name": "dev-winspire-alb",
            "name_prefix": "",
            "preserve_host_header": false,
            "security_groups": [
              "sg-026af7811833bf51c"
            ],
            "subnet_mapping": [
              {
                "allocation_id": "",
                "ipv6_address": "",
                "outpost_id": "",
                "private_ipv4_address": "",
                "subnet_id": "subnet-018d074f9201ca07a"
              },
              {
                "allocation_id": "",
                "ipv6_address": "",
                "outpost_id": "",
                "private_ipv4_address": "",
                "subnet_id": "subnet-0c1f13aee639399a6"
              }
            ],
            "subnets": [
              "subnet-018d074f9201ca07a",
              "subnet-0c1f13aee639399a6"
            ],
            "tags": {
              "Environment": "dev",
              "Name": "dev-winspire-alb",
              "Team": "Platform"
            },
            "tags_all": {
              "Environment": "dev",
              "ManagedBy": "Terraform",
              "Name": "dev-winspire-alb",
              "Project": "Winspire",
              "Team": "Platform"
            },
            "timeouts": null,
            "vpc_id": "vpc-09f33a37a61a241b3",
            "xff_header_processing_mode": "append",
            "zone_id": "Z215JYRZR1TBD5"
          },
          "sensitive_attributes": [],
          "private": "eyJlMmJmYjczMC1lY2FhLTExZTYtOGY4OC0zNDM2M2JjN2M0YzAiOnsiY3JlYXRlIjo2MDAwMDAwMDAwMDAsImRlbGV0ZSI6NjAwMDAwMDAwMDAwLCJ1cGRhdGUiOjYwMDAwMDAwMDAwMH19",
          "dependencies": [
            "module.alb.aws_security_group.alb",
            "module.vpc.aws_subnet.public",
            "module.vpc.aws_vpc.main",
            "module.vpc.data.aws_availability_zones.available"
          ]
        }
      ]
    },
    {
      "module": "module.alb",
      "mode": "managed",
      "type": "aws_lb_listener",
      "name": "http",
      "provider": "provider[\"registry.terraform.io/hashicorp/aws\"]",
      "instances": [
        {
          "schema_version": 0,
          "attributes": {
            "alpn_policy": null,
            "arn": "arn:aws:elasticloadbalancing:eu-central-1:173517262742:listener/app/dev-winspire-alb/acb6730be66e4918/3412fbdc22bde7df",
            "certificate_arn": null,
            "default_action": [
              {
                "authenticate_cognito": [],
                "authenticate_oidc": [],
                "fixed_response": [
                  {
                    "content_type": "text/plain",
                    "message_body": "Winspire API - Development Environment",
                    "status_code": "200"
                  }
                ],
                "forward": [],
                "order": 1,
                "redirect": [],
                "target_group_arn": "",
                "type": "fixed-response"
              }
            ],
            "id": "arn:aws:elasticloadbalancing:eu-central-1:173517262742:listener/app/dev-winspire-alb/acb6730be66e4918/3412fbdc22bde7df",
            "load_balancer_arn": "arn:aws:elasticloadbalancing:eu-central-1:173517262742:loadbalancer/app/dev-winspire-alb/acb6730be66e4918",
            "mutual_authentication": [],
            "port": 80,
            "protocol": "HTTP",
            "routing_http_request_x_amzn_mtls_clientcert_header_name": null,
            "routing_http_request_x_amzn_mtls_clientcert_issuer_header_name": null,
            "routing_http_request_x_amzn_mtls_clientcert_leaf_header_name": null,
            "routing_http_request_x_amzn_mtls_clientcert_serial_number_header_name": null,
            "routing_http_request_x_amzn_mtls_clientcert_subject_header_name": null,
            "routing_http_request_x_amzn_mtls_clientcert_validity_header_name": null,
            "routing_http_request_x_amzn_tls_cipher_suite_header_name": null,
            "routing_http_request_x_amzn_tls_version_header_name": null,
            "routing_http_response_access_control_allow_credentials_header_value": "",
            "routing_http_response_access_control_allow_headers_header_value": "",
            "routing_http_response_access_control_allow_methods_header_value": "",
            "routing_http_response_access_control_allow_origin_header_value": "",
            "routing_http_response_access_control_expose_headers_header_value": "",
            "routing_http_response_access_control_max_age_header_value": "",
            "routing_http_response_content_security_policy_header_value": "",
            "routing_http_response_server_enabled": true,
            "routing_http_response_strict_transport_security_header_value": "",
            "routing_http_response_x_content_type_options_header_value": "",
            "routing_http_response_x_frame_options_header_value": "",
            "ssl_policy": "",
            "tags": {},
            "tags_all": {
              "Environment": "dev",
              "ManagedBy": "Terraform",
              "Project": "Winspire"
            },
            "tcp_idle_timeout_seconds": null,
            "timeouts": null
          },
          "sensitive_attributes": [],
          "private": "eyJlMmJmYjczMC1lY2FhLTExZTYtOGY4OC0zNDM2M2JjN2M0YzAiOnsiY3JlYXRlIjozMDAwMDAwMDAwMDAsInVwZGF0ZSI6MzAwMDAwMDAwMDAwfX0=",
          "dependencies": [
            "module.alb.aws_lb.main",
            "module.alb.aws_security_group.alb",
            "module.vpc.aws_subnet.public",
            "module.vpc.aws_vpc.main",
            "module.vpc.data.aws_availability_zones.available"
          ]
        }
      ]
    },
    {
      "module": "module.alb",
      "mode": "managed",
      "type": "aws_lb_target_group",
      "name": "default",
      "provider": "provider[\"registry.terraform.io/hashicorp/aws\"]",
      "instances": [
        {
          "schema_version": 0,
          "attributes": {
            "arn": "arn:aws:elasticloadbalancing:eu-central-1:173517262742:targetgroup/dev-winspire-default/38ecdc5ad8239784",
            "arn_suffix": "targetgroup/dev-winspire-default/38ecdc5ad8239784",
            "connection_termination": null,
            "deregistration_delay": "30",
            "health_check": [
              {
                "enabled": true,
                "healthy_threshold": 2,
                "interval": 30,
                "matcher": "200",
                "path": "/healthz",
                "port": "traffic-port",
                "protocol": "HTTP",
                "timeout": 5,
                "unhealthy_threshold": 2
              }
            ],
            "id": "arn:aws:elasticloadbalancing:eu-central-1:173517262742:targetgroup/dev-winspire-default/38ecdc5ad8239784",
            "ip_address_type": "ipv4",
            "lambda_multi_value_headers_enabled": false,
            "load_balancer_arns": [],
            "load_balancing_algorithm_type": "round_robin",
            "load_balancing_anomaly_mitigation": "off",
            "load_balancing_cross_zone_enabled": "use_load_balancer_configuration",
            "name": "dev-winspire-default",
            "name_prefix": "",
            "port": 8080,
            "preserve_client_ip": null,
            "protocol": "HTTP",
            "protocol_version": "HTTP1",
            "proxy_protocol_v2": false,
            "slow_start": 0,
            "stickiness": [
              {
                "cookie_duration": 86400,
                "cookie_name": "",
                "enabled": false,
                "type": "lb_cookie"
              }
            ],
            "tags": {
              "Environment": "dev",
              "Name": "dev-winspire-default-tg",
              "Team": "Platform"
            },
            "tags_all": {
              "Environment": "dev",
              "ManagedBy": "Terraform",
              "Name": "dev-winspire-default-tg",
              "Project": "Winspire",
              "Team": "Platform"
            },
            "target_failover": [
              {
                "on_deregistration": null,
                "on_unhealthy": null
              }
            ],
            "target_group_health": [
              {
                "dns_failover": [
                  {
                    "minimum_healthy_targets_count": "1",
                    "minimum_healthy_targets_percentage": "off"
                  }
                ],
                "unhealthy_state_routing": [
                  {
                    "minimum_healthy_targets_count": 1,
                    "minimum_healthy_targets_percentage": "off"
                  }
                ]
              }
            ],
            "target_health_state": [
              {
                "enable_unhealthy_connection_termination": null,
                "unhealthy_draining_interval": null
              }
            ],
            "target_type": "ip",
            "vpc_id": "vpc-09f33a37a61a241b3"
          },
          "sensitive_attributes": [],
          "private": "bnVsbA==",
          "dependencies": [
            "module.vpc.aws_vpc.main"
          ]
        }
      ]
    },
    {
      "module": "module.alb",
      "mode": "managed",
      "type": "aws_security_group",
      "name": "alb",
      "provider": "provider[\"registry.terraform.io/hashicorp/aws\"]",
      "instances": [
        {
          "schema_version": 1,
          "attributes": {
            "arn": "arn:aws:ec2:eu-central-1:173517262742:security-group/sg-026af7811833bf51c",
            "description": "Security group for Winspire ALB",
            "egress": [
              {
                "cidr_blocks": [
                  "0.0.0.0/0"
                ],
                "description": "Allow all outbound traffic",
                "from_port": 0,
                "ipv6_cidr_blocks": [],
                "prefix_list_ids": [],
                "protocol": "-1",
                "security_groups": [],
                "self": false,
                "to_port": 0
              }
            ],
            "id": "sg-026af7811833bf51c",
            "ingress": [
              {
                "cidr_blocks": [
                  "0.0.0.0/0"
                ],
                "description": "HTTP from anywhere",
                "from_port": 80,
                "ipv6_cidr_blocks": [],
                "prefix_list_ids": [],
                "protocol": "tcp",
                "security_groups": [],
                "self": false,
                "to_port": 80
              },
              {
                "cidr_blocks": [
                  "0.0.0.0/0"
                ],
                "description": "HTTPS from anywhere",
                "from_port": 443,
                "ipv6_cidr_blocks": [],
                "prefix_list_ids": [],
                "protocol": "tcp",
                "security_groups": [],
                "self": false,
                "to_port": 443
              }
            ],
            "name": "dev-winspire-alb-sg",
            "name_prefix": "",
            "owner_id": "173517262742",
            "revoke_rules_on_delete": false,
            "tags": {
              "Environment": "dev",
              "Name": "dev-winspire-alb-sg",
              "Team": "Platform"
            },
            "tags_all": {
              "Environment": "dev",
              "ManagedBy": "Terraform",
              "Name": "dev-winspire-alb-sg",
              "Project": "Winspire",
              "Team": "Platform"
            },
            "timeouts": null,
            "vpc_id": "vpc-09f33a37a61a241b3"
          },
          "sensitive_attributes": [],
          "private": "eyJlMmJmYjczMC1lY2FhLTExZTYtOGY4OC0zNDM2M2JjN2M0YzAiOnsiY3JlYXRlIjo2MDAwMDAwMDAwMDAsImRlbGV0ZSI6OTAwMDAwMDAwMDAwfSwic2NoZW1hX3ZlcnNpb24iOiIxIn0=",
          "dependencies": [
            "module.vpc.aws_vpc.main"
          ]
        }
      ]
    },
    {
      "module": "module.competition",
      "mode": "managed",
      "type": "aws_security_group",
      "name": "ecs_service",
      "provider": "provider[\"registry.terraform.io/hashicorp/aws\"]",
      "instances": [
        {
          "schema_version": 1,
          "attributes": {
            "arn": "arn:aws:ec2:eu-central-1:173517262742:security-group/sg-0ccdeca93b21eb9ae",
            "description": "Security group for competition ECS service",
            "egress": [
              {
                "cidr_blocks": [
                  "0.0.0.0/0"
                ],
                "description": "Allow all outbound traffic",
                "from_port": 0,
                "ipv6_cidr_blocks": [],
                "prefix_list_ids": [],
                "protocol": "-1",
                "security_groups": [],
                "self": false,
                "to_port": 0
              }
            ],
            "id": "sg-0ccdeca93b21eb9ae",
            "ingress": [
              {
                "cidr_blocks": [],
                "description": "Allow traffic from ALB",
                "from_port": 8089,
                "ipv6_cidr_blocks": [],
                "prefix_list_ids": [],
                "protocol": "tcp",
                "security_groups": [
                  "sg-026af7811833bf51c"
                ],
                "self": false,
                "to_port": 8089
              }
            ],
            "name": "dev-competition-ecs-sg",
            "name_prefix": "",
            "owner_id": "173517262742",
            "revoke_rules_on_delete": false,
            "tags": {
              "Environment": "dev",
              "Name": "dev-competition-ecs-sg",
              "Service": "competition",
              "Team": "Platform"
            },
            "tags_all": {
              "Environment": "dev",
              "ManagedBy": "Terraform",
              "Name": "dev-competition-ecs-sg",
              "Project": "Winspire",
              "Service": "competition",
              "Team": "Platform"
            },
            "timeouts": null,
            "vpc_id": "vpc-09f33a37a61a241b3"
          },
          "sensitive_attributes": [],
          "private": "eyJlMmJmYjczMC1lY2FhLTExZTYtOGY4OC0zNDM2M2JjN2M0YzAiOnsiY3JlYXRlIjo2MDAwMDAwMDAwMDAsImRlbGV0ZSI6OTAwMDAwMDAwMDAwfSwic2NoZW1hX3ZlcnNpb24iOiIxIn0=",
          "dependencies": [
            "module.alb.aws_security_group.alb",
            "module.vpc.aws_vpc.main"
          ]
        }
      ]
    },
    {
      "module": "module.game_management",
      "mode": "data",
      "type": "aws_region",
      "name": "current",
      "provider": "provider[\"registry.terraform.io/hashicorp/aws\"]",
      "instances": [
        {
          "schema_version": 0,
          "attributes": {
            "description": "Europe (Frankfurt)",
            "endpoint": "ec2.eu-central-1.amazonaws.com",
            "id": "eu-central-1",
            "name": "eu-central-1"
          },
          "sensitive_attributes": []
        }
      ]
    },
    {
      "module": "module.game_management",
      "mode": "managed",
      "type": "aws_appautoscaling_policy",
      "name": "cpu",
      "provider": "provider[\"registry.terraform.io/hashicorp/aws\"]",
      "instances": [
        {
          "index_key": 0,
          "schema_version": 0,
          "attributes": {
            "alarm_arns": [
              "arn:aws:cloudwatch:eu-central-1:173517262742:alarm:TargetTracking-service/dev-winspire-cluster/dev-game-management-AlarmHigh-2818a7e6-f744-4972-855e-8ff598c82cc9",
              "arn:aws:cloudwatch:eu-central-1:173517262742:alarm:TargetTracking-service/dev-winspire-cluster/dev-game-management-AlarmLow-bc87ffd5-4151-48aa-8cec-a00f2e5286a5"
            ],
            "arn": "arn:aws:autoscaling:eu-central-1:173517262742:scalingPolicy:c01acf8f-4f12-4a2b-a10a-5357177f56fc:resource/ecs/service/dev-winspire-cluster/dev-game-management:policyName/dev-game-management-cpu-scaling",
            "id": "dev-game-management-cpu-scaling",
            "name": "dev-game-management-cpu-scaling",
            "policy_type": "TargetTrackingScaling",
            "resource_id": "service/dev-winspire-cluster/dev-game-management",
            "scalable_dimension": "ecs:service:DesiredCount",
            "service_namespace": "ecs",
            "step_scaling_policy_configuration": [],
            "target_tracking_scaling_policy_configuration": [
              {
                "customized_metric_specification": [],
                "disable_scale_in": false,
                "predefined_metric_specification": [
                  {
                    "predefined_metric_type": "ECSServiceAverageCPUUtilization",
                    "resource_label": ""
                  }
                ],
                "scale_in_cooldown": 300,
                "scale_out_cooldown": 60,
                "target_value": 70
              }
            ]
          },
          "sensitive_attributes": [],
          "private": "bnVsbA==",
          "dependencies": [
            "aws_ecs_cluster.main",
            "data.aws_caller_identity.current",
            "module.alb.aws_security_group.alb",
            "module.game_management.aws_appautoscaling_target.ecs",
            "module.game_management.aws_cloudwatch_log_group.main",
            "module.game_management.aws_ecs_service.main",
            "module.game_management.aws_ecs_task_definition.main",
            "module.game_management.aws_iam_role.ecs_execution",
            "module.game_management.aws_iam_role.ecs_task",
            "module.game_management.aws_lb_target_group.main",
            "module.game_management.aws_security_group.ecs_service",
            "module.game_management.data.aws_region.current",
            "module.matchmaking.aws_security_group.ecs_service",
            "module.redis.aws_elasticache_parameter_group.main",
            "module.redis.aws_elasticache_replication_group.main",
            "module.redis.aws_elasticache_subnet_group.main",
            "module.redis.aws_security_group.redis",
            "module.tournament.aws_security_group.ecs_service",
            "module.vpc.aws_subnet.private",
            "module.vpc.aws_subnet.public",
            "module.vpc.aws_vpc.main",
            "module.vpc.data.aws_availability_zones.available"
          ]
        }
      ]
    },
    {
      "module": "module.game_management",
      "mode": "managed",
      "type": "aws_appautoscaling_policy",
      "name": "memory",
      "provider": "provider[\"registry.terraform.io/hashicorp/aws\"]",
      "instances": [
        {
          "index_key": 0,
          "schema_version": 0,
          "attributes": {
            "alarm_arns": [
              "arn:aws:cloudwatch:eu-central-1:173517262742:alarm:TargetTracking-service/dev-winspire-cluster/dev-game-management-AlarmHigh-fb738718-27c8-4803-ae12-af87a7c2338c",
              "arn:aws:cloudwatch:eu-central-1:173517262742:alarm:TargetTracking-service/dev-winspire-cluster/dev-game-management-AlarmLow-ac7efa1c-c54a-4768-a48e-8d6bbf33ad6d"
            ],
            "arn": "arn:aws:autoscaling:eu-central-1:173517262742:scalingPolicy:c01acf8f-4f12-4a2b-a10a-5357177f56fc:resource/ecs/service/dev-winspire-cluster/dev-game-management:policyName/dev-game-management-memory-scaling",
            "id": "dev-game-management-memory-scaling",
            "name": "dev-game-management-memory-scaling",
            "policy_type": "TargetTrackingScaling",
            "resource_id": "service/dev-winspire-cluster/dev-game-management",
            "scalable_dimension": "ecs:service:DesiredCount",
            "service_namespace": "ecs",
            "step_scaling_policy_configuration": [],
            "target_tracking_scaling_policy_configuration": [
              {
                "customized_metric_specification": [],
                "disable_scale_in": false,
                "predefined_metric_specification": [
                  {
                    "predefined_metric_type": "ECSServiceAverageMemoryUtilization",
                    "resource_label": ""
                  }
                ],
                "scale_in_cooldown": 300,
                "scale_out_cooldown": 60,
                "target_value": 80
              }
            ]
          },
          "sensitive_attributes": [],
          "private": "bnVsbA==",
          "dependencies": [
            "aws_ecs_cluster.main",
            "data.aws_caller_identity.current",
            "module.alb.aws_security_group.alb",
            "module.game_management.aws_appautoscaling_target.ecs",
            "module.game_management.aws_cloudwatch_log_group.main",
            "module.game_management.aws_ecs_service.main",
            "module.game_management.aws_ecs_task_definition.main",
            "module.game_management.aws_iam_role.ecs_execution",
            "module.game_management.aws_iam_role.ecs_task",
            "module.game_management.aws_lb_target_group.main",
            "module.game_management.aws_security_group.ecs_service",
            "module.game_management.data.aws_region.current",
            "module.matchmaking.aws_security_group.ecs_service",
            "module.redis.aws_elasticache_parameter_group.main",
            "module.redis.aws_elasticache_replication_group.main",
            "module.redis.aws_elasticache_subnet_group.main",
            "module.redis.aws_security_group.redis",
            "module.tournament.aws_security_group.ecs_service",
            "module.vpc.aws_subnet.private",
            "module.vpc.aws_subnet.public",
            "module.vpc.aws_vpc.main",
            "module.vpc.data.aws_availability_zones.available"
          ]
        }
      ]
    },
    {
      "module": "module.game_management",
      "mode": "managed",
      "type": "aws_appautoscaling_target",
      "name": "ecs",
      "provider": "provider[\"registry.terraform.io/hashicorp/aws\"]",
      "instances": [
        {
          "index_key": 0,
          "schema_version": 0,
          "attributes": {
            "arn": "arn:aws:application-autoscaling:eu-central-1:173517262742:scalable-target/0ec5c01acf8f4f124a2ba10a5357177f56fc",
            "id": "service/dev-winspire-cluster/dev-game-management",
            "max_capacity": 10,
            "min_capacity": 0,
            "resource_id": "service/dev-winspire-cluster/dev-game-management",
            "role_arn": "arn:aws:iam::173517262742:role/aws-service-role/ecs.application-autoscaling.amazonaws.com/AWSServiceRoleForApplicationAutoScaling_ECSService",
            "scalable_dimension": "ecs:service:DesiredCount",
            "service_namespace": "ecs",
            "suspended_state": [
              {
                "dynamic_scaling_in_suspended": false,
                "dynamic_scaling_out_suspended": false,
                "scheduled_scaling_suspended": false
              }
            ],
            "tags": {},
            "tags_all": {
              "Environment": "dev",
              "ManagedBy": "Terraform",
              "Project": "Winspire"
            }
          },
          "sensitive_attributes": [],
          "private": "bnVsbA==",
          "dependencies": [
            "aws_ecs_cluster.main",
            "data.aws_caller_identity.current",
            "module.alb.aws_security_group.alb",
            "module.game_management.aws_cloudwatch_log_group.main",
            "module.game_management.aws_ecs_service.main",
            "module.game_management.aws_ecs_task_definition.main",
            "module.game_management.aws_iam_role.ecs_execution",
            "module.game_management.aws_iam_role.ecs_task",
            "module.game_management.aws_lb_target_group.main",
            "module.game_management.aws_security_group.ecs_service",
            "module.game_management.data.aws_region.current",
            "module.matchmaking.aws_security_group.ecs_service",
            "module.redis.aws_elasticache_parameter_group.main",
            "module.redis.aws_elasticache_replication_group.main",
            "module.redis.aws_elasticache_subnet_group.main",
            "module.redis.aws_security_group.redis",
            "module.tournament.aws_security_group.ecs_service",
            "module.vpc.aws_subnet.private",
            "module.vpc.aws_subnet.public",
            "module.vpc.aws_vpc.main",
            "module.vpc.data.aws_availability_zones.available"
          ]
        }
      ]
    },
    {
      "module": "module.game_management",
      "mode": "managed",
      "type": "aws_cloudwatch_log_group",
      "name": "main",
      "provider": "provider[\"registry.terraform.io/hashicorp/aws\"]",
      "instances": [
        {
          "schema_version": 0,
          "attributes": {
            "arn": "arn:aws:logs:eu-central-1:173517262742:log-group:/ecs/dev/game-management",
            "id": "/ecs/dev/game-management",
            "kms_key_id": "",
            "log_group_class": "STANDARD",
            "name": "/ecs/dev/game-management",
            "name_prefix": "",
            "retention_in_days": 30,
            "skip_destroy": false,
            "tags": {
              "Environment": "dev",
              "Name": "dev-game-management-logs",
              "Service": "game-management",
              "Team": "Platform"
            },
            "tags_all": {
              "Environment": "dev",
              "ManagedBy": "Terraform",
              "Name": "dev-game-management-logs",
              "Project": "Winspire",
              "Service": "game-management",
              "Team": "Platform"
            }
          },
          "sensitive_attributes": [],
          "private": "bnVsbA=="
        }
      ]
    },
    {
      "module": "module.game_management",
      "mode": "managed",
      "type": "aws_ecs_service",
      "name": "main",
      "provider": "provider[\"registry.terraform.io/hashicorp/aws\"]",
      "instances": [
        {
          "schema_version": 1,
          "attributes": {
            "alarms": [],
            "availability_zone_rebalancing": "DISABLED",
            "capacity_provider_strategy": [],
            "cluster": "arn:aws:ecs:eu-central-1:173517262742:cluster/dev-winspire-cluster",
            "deployment_circuit_breaker": [
              {
                "enable": true,
                "rollback": true
              }
            ],
            "deployment_controller": [
              {
                "type": "ECS"
              }
            ],
            "deployment_maximum_percent": 200,
            "deployment_minimum_healthy_percent": 100,
            "desired_count": 0,
            "enable_ecs_managed_tags": false,
            "enable_execute_command": true,
            "force_delete": null,
            "force_new_deployment": null,
            "health_check_grace_period_seconds": 60,
            "iam_role": "/aws-service-role/ecs.amazonaws.com/AWSServiceRoleForECS",
            "id": "arn:aws:ecs:eu-central-1:173517262742:service/dev-winspire-cluster/dev-game-management",
            "launch_type": "FARGATE",
            "load_balancer": [
              {
                "container_name": "game-management",
                "container_port": 8087,
                "elb_name": "",
                "target_group_arn": "arn:aws:elasticloadbalancing:eu-central-1:173517262742:targetgroup/dev-game-management/dc669bfc3614707d"
              }
            ],
            "name": "dev-game-management",
            "network_configuration": [
              {
                "assign_public_ip": true,
                "security_groups": [
                  "sg-0e0f11fc39d2bcbbd"
                ],
                "subnets": [
                  "subnet-018d074f9201ca07a",
                  "subnet-0c1f13aee639399a6"
                ]
              }
            ],
            "ordered_placement_strategy": [],
            "placement_constraints": [],
            "platform_version": "LATEST",
            "propagate_tags": "NONE",
            "scheduling_strategy": "REPLICA",
            "service_connect_configuration": [],
            "service_registries": [],
            "tags": {
              "Environment": "dev",
              "Name": "dev-game-management",
              "Service": "game-management",
              "Team": "Platform"
            },
            "tags_all": {
              "Environment": "dev",
              "ManagedBy": "Terraform",
              "Name": "dev-game-management",
              "Project": "Winspire",
              "Service": "game-management",
              "Team": "Platform"
            },
            "task_definition": "arn:aws:ecs:eu-central-1:173517262742:task-definition/dev-game-management:5",
            "timeouts": null,
            "triggers": {},
            "volume_configuration": [],
            "vpc_lattice_configurations": [],
            "wait_for_steady_state": false
          },
          "sensitive_attributes": [],
          "private": "eyJlMmJmYjczMC1lY2FhLTExZTYtOGY4OC0zNDM2M2JjN2M0YzAiOnsiY3JlYXRlIjoxMjAwMDAwMDAwMDAwLCJkZWxldGUiOjEyMDAwMDAwMDAwMDAsInVwZGF0ZSI6MTIwMDAwMDAwMDAwMH0sInNjaGVtYV92ZXJzaW9uIjoiMSJ9",
          "dependencies": [
            "aws_ecs_cluster.main",
            "data.aws_caller_identity.current",
            "module.alb.aws_security_group.alb",
            "module.game_management.aws_cloudwatch_log_group.main",
            "module.game_management.aws_ecs_task_definition.main",
            "module.game_management.aws_iam_role.ecs_execution",
            "module.game_management.aws_iam_role.ecs_task",
            "module.game_management.aws_lb_target_group.main",
            "module.game_management.aws_security_group.ecs_service",
            "module.game_management.data.aws_region.current",
            "module.matchmaking.aws_security_group.ecs_service",
            "module.redis.aws_elasticache_parameter_group.main",
            "module.redis.aws_elasticache_replication_group.main",
            "module.redis.aws_elasticache_subnet_group.main",
            "module.redis.aws_security_group.redis",
            "module.tournament.aws_security_group.ecs_service",
            "module.vpc.aws_subnet.private",
            "module.vpc.aws_subnet.public",
            "module.vpc.aws_vpc.main",
            "module.vpc.data.aws_availability_zones.available"
          ]
        }
      ]
    },
    {
      "module": "module.game_management",
      "mode": "managed",
      "type": "aws_ecs_task_definition",
      "name": "main",
      "provider": "provider[\"registry.terraform.io/hashicorp/aws\"]",
      "instances": [
        {
          "schema_version": 1,
          "attributes": {
            "arn": "arn:aws:ecs:eu-central-1:173517262742:task-definition/dev-game-management:5",
            "arn_without_revision": "arn:aws:ecs:eu-central-1:173517262742:task-definition/dev-game-management",
            "container_definitions": "[{\"environment\":[{\"name\":\"APP_ENV\",\"value\":\"production\"},{\"name\":\"GAME_MANAGEMENT_INTERNAL_API_KEY\",\"value\":\"dev-internal-api-key-12345\"},{\"name\":\"HOST_JWT_AUDIENCE\",\"value\":\"authenticated\"},{\"name\":\"HOST_JWT_ISSUER\",\"value\":\"https://fzqcgjwsewkytrijenkf.supabase.co/auth/v1\"},{\"name\":\"HOST_JWT_SECRET\",\"value\":\"1wkGsOY1ysD9wipMmSOWO6BjcSm2zl19v6PVqOni7QJFNlDVm1q3CFY4MwqJDMhcyZ4sn8bEJ463B8UED25VqA==\"},{\"name\":\"POSTGRES_DSN\",\"value\":\"postgresql://postgres.fzqcgjwsewkytrijenkf:WC5nLCB3aeO3Bg9C@aws-1-eu-north-1.pooler.supabase.com:6543/postgres\"},{\"name\":\"REDIS_ADDR\",\"value\":\"dev-winspire-redis.7o5zlr.ng.0001.euc1.cache.amazonaws.com:6379\"},{\"name\":\"SERVICE_PORT\",\"value\":\"8087\"}],\"essential\":true,\"healthCheck\":{\"command\":[\"CMD-SHELL\",\"curl -f http://localhost:8087/healthz || exit 1\"],\"interval\":30,\"retries\":3,\"startPeriod\":60,\"timeout\":5},\"image\":\"173517262742.dkr.ecr.eu-central-1.amazonaws.com/dev-winspire-game-management:latest\",\"logConfiguration\":{\"logDriver\":\"awslogs\",\"options\":{\"awslogs-stream-prefix\":\"game-management\",\"awslogs-group\":\"/ecs/dev/game-management\",\"awslogs-region\":\"eu-central-1\"}},\"mountPoints\":[],\"name\":\"game-management\",\"portMappings\":[{\"containerPort\":8087,\"hostPort\":8087,\"protocol\":\"tcp\"}],\"secrets\":[],\"systemControls\":[],\"volumesFrom\":[]}]",
            "cpu": "256",
            "enable_fault_injection": false,
            "ephemeral_storage": [],
            "execution_role_arn": "arn:aws:iam::173517262742:role/dev-game-management-ecs-execution",
            "family": "dev-game-management",
            "id": "dev-game-management",
            "inference_accelerator": [],
            "ipc_mode": "",
            "memory": "512",
            "network_mode": "awsvpc",
            "pid_mode": "",
            "placement_constraints": [],
            "proxy_configuration": [],
            "requires_compatibilities": [
              "FARGATE"
            ],
            "revision": 5,
            "runtime_platform": [],
            "skip_destroy": false,
            "tags": {
              "Environment": "dev",
              "Name": "dev-game-management",
              "Service": "game-management",
              "Team": "Platform"
            },
            "tags_all": {
              "Environment": "dev",
              "ManagedBy": "Terraform",
              "Name": "dev-game-management",
              "Project": "Winspire",
              "Service": "game-management",
              "Team": "Platform"
            },
            "task_role_arn": "arn:aws:iam::173517262742:role/dev-game-management-ecs-task",
            "track_latest": false,
            "volume": []
          },
          "sensitive_attributes": [
            [
              {
                "type": "get_attr",
                "value": "container_definitions"
              }
            ]
          ],
          "private": "eyJzY2hlbWFfdmVyc2lvbiI6IjEifQ==",
          "dependencies": [
            "data.aws_caller_identity.current",
            "module.alb.aws_security_group.alb",
            "module.game_management.aws_cloudwatch_log_group.main",
            "module.game_management.aws_iam_role.ecs_execution",
            "module.game_management.aws_iam_role.ecs_task",
            "module.game_management.aws_security_group.ecs_service",
            "module.game_management.data.aws_region.current",
            "module.matchmaking.aws_security_group.ecs_service",
            "module.redis.aws_elasticache_parameter_group.main",
            "module.redis.aws_elasticache_replication_group.main",
            "module.redis.aws_elasticache_subnet_group.main",
            "module.redis.aws_security_group.redis",
            "module.tournament.aws_security_group.ecs_service",
            "module.vpc.aws_subnet.private",
            "module.vpc.aws_vpc.main",
            "module.vpc.data.aws_availability_zones.available"
          ]
        }
      ]
    },
    {
      "module": "module.game_management",
      "mode": "managed",
      "type": "aws_iam_role",
      "name": "ecs_execution",
      "provider": "provider[\"registry.terraform.io/hashicorp/aws\"]",
      "instances": [
        {
          "schema_version": 0,
          "attributes": {
            "arn": "arn:aws:iam::173517262742:role/dev-game-management-ecs-execution",
            "assume_role_policy": "{\"Statement\":[{\"Action\":\"sts:AssumeRole\",\"Effect\":\"Allow\",\"Principal\":{\"Service\":\"ecs-tasks.amazonaws.com\"}}],\"Version\":\"2012-10-17\"}",
            "create_date": "2025-12-27T09:11:37Z",
            "description": "",
            "force_detach_policies": false,
            "id": "dev-game-management-ecs-execution",
            "inline_policy": [],
            "managed_policy_arns": [
              "arn:aws:iam::aws:policy/service-role/AmazonECSTaskExecutionRolePolicy"
            ],
            "max_session_duration": 3600,
            "name": "dev-game-management-ecs-execution",
            "name_prefix": "",
            "path": "/",
            "permissions_boundary": "",
            "tags": {
              "Environment": "dev",
              "Name": "dev-game-management-ecs-execution",
              "Service": "game-management",
              "Team": "Platform"
            },
            "tags_all": {
              "Environment": "dev",
              "ManagedBy": "Terraform",
              "Name": "dev-game-management-ecs-execution",
              "Project": "Winspire",
              "Service": "game-management",
              "Team": "Platform"
            },
            "unique_id": "AROASQZTPJ6LEXC5REZMA"
          },
          "sensitive_attributes": [],
          "private": "bnVsbA=="
        }
      ]
    },
    {
      "module": "module.game_management",
      "mode": "managed",
      "type": "aws_iam_role",
      "name": "ecs_task",
      "provider": "provider[\"registry.terraform.io/hashicorp/aws\"]",
      "instances": [
        {
          "schema_version": 0,
          "attributes": {
            "arn": "arn:aws:iam::173517262742:role/dev-game-management-ecs-task",
            "assume_role_policy": "{\"Statement\":[{\"Action\":\"sts:AssumeRole\",\"Effect\":\"Allow\",\"Principal\":{\"Service\":\"ecs-tasks.amazonaws.com\"}}],\"Version\":\"2012-10-17\"}",
            "create_date": "2025-12-27T09:11:37Z",
            "description": "",
            "force_detach_policies": false,
            "id": "dev-game-management-ecs-task",
            "inline_policy": [],
            "managed_policy_arns": [],
            "max_session_duration": 3600,
            "name": "dev-game-management-ecs-task",
            "name_prefix": "",
            "path": "/",
            "permissions_boundary": "",
            "tags": {
              "Environment": "dev",
              "Name": "dev-game-management-ecs-task",
              "Service": "game-management",
              "Team": "Platform"
            },
            "tags_all": {
              "Environment": "dev",
              "ManagedBy": "Terraform",
              "Name": "dev-game-management-ecs-task",
              "Project": "Winspire",
              "Service": "game-management",
              "Team": "Platform"
            },
            "unique_id": "AROASQZTPJ6LM423GBD7V"
          },
          "sensitive_attributes": [],
          "private": "bnVsbA=="
        }
      ]
    },
    {
      "module": "module.game_management",
      "mode": "managed",
      "type": "aws_iam_role_policy_attachment",
      "name": "ecs_execution",
      "provider": "provider[\"registry.terraform.io/hashicorp/aws\"]",
      "instances": [
        {
          "schema_version": 0,
          "attributes": {
            "id": "dev-game-management-ecs-execution-20251227091138367600000005",
            "policy_arn": "arn:aws:iam::aws:policy/service-role/AmazonECSTaskExecutionRolePolicy",
            "role": "dev-game-management-ecs-execution"
          },
          "sensitive_attributes": [],
          "private": "bnVsbA==",
          "dependencies": [
            "module.game_management.aws_iam_role.ecs_execution"
          ]
        }
      ]
    },
    {
      "module": "module.game_management",
      "mode": "managed",
      "type": "aws_lb_target_group",
      "name": "main",
      "provider": "provider[\"registry.terraform.io/hashicorp/aws\"]",
      "instances": [
        {
          "schema_version": 0,
          "attributes": {
            "arn": "arn:aws:elasticloadbalancing:eu-central-1:173517262742:targetgroup/dev-game-management/dc669bfc3614707d",
            "arn_suffix": "targetgroup/dev-game-management/dc669bfc3614707d",
            "connection_termination": null,
            "deregistration_delay": "30",
            "health_check": [
              {
                "enabled": true,
                "healthy_threshold": 2,
                "interval": 30,
                "matcher": "200",
                "path": "/healthz",
                "port": "traffic-port",
                "protocol": "HTTP",
                "timeout": 5,
                "unhealthy_threshold": 2
              }
            ],
            "id": "arn:aws:elasticloadbalancing:eu-central-1:173517262742:targetgroup/dev-game-management/dc669bfc3614707d",
            "ip_address_type": "ipv4",
            "lambda_multi_value_headers_enabled": false,
            "load_balancer_arns": [
              "arn:aws:elasticloadbalancing:eu-central-1:173517262742:loadbalancer/app/dev-winspire-alb/acb6730be66e4918"
            ],
            "load_balancing_algorithm_type": "round_robin",
            "load_balancing_anomaly_mitigation": "off",
            "load_balancing_cross_zone_enabled": "use_load_balancer_configuration",
            "name": "dev-game-management",
            "name_prefix": "",
            "port": 8087,
            "preserve_client_ip": null,
            "protocol": "HTTP",
            "protocol_version": "HTTP1",
            "proxy_protocol_v2": false,
            "slow_start": 0,
            "stickiness": [
              {
                "cookie_duration": 86400,
                "cookie_name": "",
                "enabled": false,
                "type": "lb_cookie"
              }
            ],
            "tags": {
              "Environment": "dev",
              "Name": "dev-game-management-tg",
              "Service": "game-management",
              "Team": "Platform"
            },
            "tags_all": {
              "Environment": "dev",
              "ManagedBy": "Terraform",
              "Name": "dev-game-management-tg",
              "Project": "Winspire",
              "Service": "game-management",
              "Team": "Platform"
            },
            "target_failover": [
              {
                "on_deregistration": null,
                "on_unhealthy": null
              }
            ],
            "target_group_health": [
              {
                "dns_failover": [
                  {
                    "minimum_healthy_targets_count": "1",
                    "minimum_healthy_targets_percentage": "off"
                  }
                ],
                "unhealthy_state_routing": [
                  {
                    "minimum_healthy_targets_count": 1,
                    "minimum_healthy_targets_percentage": "off"
                  }
                ]
              }
            ],
            "target_health_state": [
              {
                "enable_unhealthy_connection_termination": null,
                "unhealthy_draining_interval": null
              }
            ],
            "target_type": "ip",
            "vpc_id": "vpc-09f33a37a61a241b3"
          },
          "sensitive_attributes": [],
          "private": "bnVsbA==",
          "dependencies": [
            "module.vpc.aws_vpc.main"
          ]
        }
      ]
    },
    {
      "module": "module.game_management",
      "mode": "managed",
      "type": "aws_security_group",
      "name": "ecs_service",
      "provider": "provider[\"registry.terraform.io/hashicorp/aws\"]",
      "instances": [
        {
          "schema_version": 1,
          "attributes": {
            "arn": "arn:aws:ec2:eu-central-1:173517262742:security-group/sg-0e0f11fc39d2bcbbd",
            "description": "Security group for game-management ECS service",
            "egress": [
              {
                "cidr_blocks": [
                  "0.0.0.0/0"
                ],
                "description": "Allow all outbound traffic",
                "from_port": 0,
                "ipv6_cidr_blocks": [],
                "prefix_list_ids": [],
                "protocol": "-1",
                "security_groups": [],
                "self": false,
                "to_port": 0
              }
            ],
            "id": "sg-0e0f11fc39d2bcbbd",
            "ingress": [
              {
                "cidr_blocks": [],
                "description": "Allow traffic from ALB",
                "from_port": 8087,
                "ipv6_cidr_blocks": [],
                "prefix_list_ids": [],
                "protocol": "tcp",
                "security_groups": [
                  "sg-026af7811833bf51c"
                ],
                "self": false,
                "to_port": 8087
              }
            ],
            "name": "dev-game-management-ecs-sg",
            "name_prefix": "",
            "owner_id": "173517262742",
            "revoke_rules_on_delete": false,
            "tags": {
              "Environment": "dev",
              "Name": "dev-game-management-ecs-sg",
              "Service": "game-management",
              "Team": "Platform"
            },
            "tags_all": {
              "Environment": "dev",
              "ManagedBy": "Terraform",
              "Name": "dev-game-management-ecs-sg",
              "Project": "Winspire",
              "Service": "game-management",
              "Team": "Platform"
            },
            "timeouts": null,
            "vpc_id": "vpc-09f33a37a61a241b3"
          },
          "sensitive_attributes": [],
          "private": "eyJlMmJmYjczMC1lY2FhLTExZTYtOGY4OC0zNDM2M2JjN2M0YzAiOnsiY3JlYXRlIjo2MDAwMDAwMDAwMDAsImRlbGV0ZSI6OTAwMDAwMDAwMDAwfSwic2NoZW1hX3ZlcnNpb24iOiIxIn0=",
          "dependencies": [
            "module.alb.aws_security_group.alb",
            "module.vpc.aws_vpc.main"
          ]
        }
      ]
    },
    {
      "module": "module.matchmaking",
      "mode": "data",
      "type": "aws_region",
      "name": "current",
      "provider": "provider[\"registry.terraform.io/hashicorp/aws\"]",
      "instances": [
        {
          "schema_version": 0,
          "attributes": {
            "description": "Europe (Frankfurt)",
            "endpoint": "ec2.eu-central-1.amazonaws.com",
            "id": "eu-central-1",
            "name": "eu-central-1"
          },
          "sensitive_attributes": []
        }
      ]
    },
    {
      "module": "module.matchmaking",
      "mode": "managed",
      "type": "aws_appautoscaling_policy",
      "name": "cpu",
      "provider": "provider[\"registry.terraform.io/hashicorp/aws\"]",
      "instances": [
        {
          "index_key": 0,
          "schema_version": 0,
          "attributes": {
            "alarm_arns": [
              "arn:aws:cloudwatch:eu-central-1:173517262742:alarm:TargetTracking-service/dev-winspire-cluster/dev-matchmaking-AlarmHigh-3ff8989f-35e5-4ea8-823e-71fe1368976f",
              "arn:aws:cloudwatch:eu-central-1:173517262742:alarm:TargetTracking-service/dev-winspire-cluster/dev-matchmaking-AlarmLow-0636bcce-61f1-43d2-8541-641b057f7810"
            ],
            "arn": "arn:aws:autoscaling:eu-central-1:173517262742:scalingPolicy:ad7c4be3-d59f-46dc-87c6-aa5ee7742848:resource/ecs/service/dev-winspire-cluster/dev-matchmaking:policyName/dev-matchmaking-cpu-scaling",
            "id": "dev-matchmaking-cpu-scaling",
            "name": "dev-matchmaking-cpu-scaling",
            "policy_type": "TargetTrackingScaling",
            "resource_id": "service/dev-winspire-cluster/dev-matchmaking",
            "scalable_dimension": "ecs:service:DesiredCount",
            "service_namespace": "ecs",
            "step_scaling_policy_configuration": [],
            "target_tracking_scaling_policy_configuration": [
              {
                "customized_metric_specification": [],
                "disable_scale_in": false,
                "predefined_metric_specification": [
                  {
                    "predefined_metric_type": "ECSServiceAverageCPUUtilization",
                    "resource_label": ""
                  }
                ],
                "scale_in_cooldown": 300,
                "scale_out_cooldown": 60,
                "target_value": 70
              }
            ]
          },
          "sensitive_attributes": [],
          "private": "bnVsbA==",
          "dependencies": [
            "aws_ecs_cluster.main",
            "data.aws_caller_identity.current",
            "module.alb.aws_security_group.alb",
            "module.game_management.aws_security_group.ecs_service",
            "module.matchmaking.aws_appautoscaling_target.ecs",
            "module.matchmaking.aws_cloudwatch_log_group.main",
            "module.matchmaking.aws_ecs_service.main",
            "module.matchmaking.aws_ecs_task_definition.main",
            "module.matchmaking.aws_iam_role.ecs_execution",
            "module.matchmaking.aws_iam_role.ecs_task",
            "module.matchmaking.aws_lb_target_group.main",
            "module.matchmaking.aws_security_group.ecs_service",
            "module.matchmaking.data.aws_region.current",
            "module.redis.aws_elasticache_parameter_group.main",
            "module.redis.aws_elasticache_replication_group.main",
            "module.redis.aws_elasticache_subnet_group.main",
            "module.redis.aws_security_group.redis",
            "module.tournament.aws_security_group.ecs_service",
            "module.vpc.aws_subnet.private",
            "module.vpc.aws_subnet.public",
            "module.vpc.aws_vpc.main",
            "module.vpc.data.aws_availability_zones.available"
          ]
        }
      ]
    },
    {
      "module": "module.matchmaking",
      "mode": "managed",
      "type": "aws_appautoscaling_policy",
      "name": "memory",
      "provider": "provider[\"registry.terraform.io/hashicorp/aws\"]",
      "instances": [
        {
          "index_key": 0,
          "schema_version": 0,
          "attributes": {
            "alarm_arns": [
              "arn:aws:cloudwatch:eu-central-1:173517262742:alarm:TargetTracking-service/dev-winspire-cluster/dev-matchmaking-AlarmHigh-952ac292-d1be-40ad-b3ec-51f6c9b5e256",
              "arn:aws:cloudwatch:eu-central-1:173517262742:alarm:TargetTracking-service/dev-winspire-cluster/dev-matchmaking-AlarmLow-1a92b8eb-2455-45ae-9023-dff439121bb6"
            ],
            "arn": "arn:aws:autoscaling:eu-central-1:173517262742:scalingPolicy:ad7c4be3-d59f-46dc-87c6-aa5ee7742848:resource/ecs/service/dev-winspire-cluster/dev-matchmaking:policyName/dev-matchmaking-memory-scaling",
            "id": "dev-matchmaking-memory-scaling",
            "name": "dev-matchmaking-memory-scaling",
            "policy_type": "TargetTrackingScaling",
            "resource_id": "service/dev-winspire-cluster/dev-matchmaking",
            "scalable_dimension": "ecs:service:DesiredCount",
            "service_namespace": "ecs",
            "step_scaling_policy_configuration": [],
            "target_tracking_scaling_policy_configuration": [
              {
                "customized_metric_specification": [],
                "disable_scale_in": false,
                "predefined_metric_specification": [
                  {
                    "predefined_metric_type": "ECSServiceAverageMemoryUtilization",
                    "resource_label": ""
                  }
                ],
                "scale_in_cooldown": 300,
                "scale_out_cooldown": 60,
                "target_value": 80
              }
            ]
          },
          "sensitive_attributes": [],
          "private": "bnVsbA==",
          "dependencies": [
            "aws_ecs_cluster.main",
            "data.aws_caller_identity.current",
            "module.alb.aws_security_group.alb",
            "module.game_management.aws_security_group.ecs_service",
            "module.matchmaking.aws_appautoscaling_target.ecs",
            "module.matchmaking.aws_cloudwatch_log_group.main",
            "module.matchmaking.aws_ecs_service.main",
            "module.matchmaking.aws_ecs_task_definition.main",
            "module.matchmaking.aws_iam_role.ecs_execution",
            "module.matchmaking.aws_iam_role.ecs_task",
            "module.matchmaking.aws_lb_target_group.main",
            "module.matchmaking.aws_security_group.ecs_service",
            "module.matchmaking.data.aws_region.current",
            "module.redis.aws_elasticache_parameter_group.main",
            "module.redis.aws_elasticache_replication_group.main",
            "module.redis.aws_elasticache_subnet_group.main",
            "module.redis.aws_security_group.redis",
            "module.tournament.aws_security_group.ecs_service",
            "module.vpc.aws_subnet.private",
            "module.vpc.aws_subnet.public",
            "module.vpc.aws_vpc.main",
            "module.vpc.data.aws_availability_zones.available"
          ]
        }
      ]
    },
    {
      "module": "module.matchmaking",
      "mode": "managed",
      "type": "aws_appautoscaling_target",
      "name": "ecs",
      "provider": "provider[\"registry.terraform.io/hashicorp/aws\"]",
      "instances": [
        {
          "index_key": 0,
          "schema_version": 0,
          "attributes": {
            "arn": "arn:aws:application-autoscaling:eu-central-1:173517262742:scalable-target/0ec5ad7c4be3d59f46dc87c6aa5ee7742848",
            "id": "service/dev-winspire-cluster/dev-matchmaking",
            "max_capacity": 10,
            "min_capacity": 0,
            "resource_id": "service/dev-winspire-cluster/dev-matchmaking",
            "role_arn": "arn:aws:iam::173517262742:role/aws-service-role/ecs.application-autoscaling.amazonaws.com/AWSServiceRoleForApplicationAutoScaling_ECSService",
            "scalable_dimension": "ecs:service:DesiredCount",
            "service_namespace": "ecs",
            "suspended_state": [
              {
                "dynamic_scaling_in_suspended": false,
                "dynamic_scaling_out_suspended": false,
                "scheduled_scaling_suspended": false
              }
            ],
            "tags": {},
            "tags_all": {
              "Environment": "dev",
              "ManagedBy": "Terraform",
              "Project": "Winspire"
            }
          },
          "sensitive_attributes": [],
          "private": "bnVsbA==",
          "dependencies": [
            "aws_ecs_cluster.main",
            "data.aws_caller_identity.current",
            "module.alb.aws_security_group.alb",
            "module.game_management.aws_security_group.ecs_service",
            "module.matchmaking.aws_cloudwatch_log_group.main",
            "module.matchmaking.aws_ecs_service.main",
            "module.matchmaking.aws_ecs_task_definition.main",
            "module.matchmaking.aws_iam_role.ecs_execution",
            "module.matchmaking.aws_iam_role.ecs_task",
            "module.matchmaking.aws_lb_target_group.main",
            "module.matchmaking.aws_security_group.ecs_service",
            "module.matchmaking.data.aws_region.current",
            "module.redis.aws_elasticache_parameter_group.main",
            "module.redis.aws_elasticache_replication_group.main",
            "module.redis.aws_elasticache_subnet_group.main",
            "module.redis.aws_security_group.redis",
            "module.tournament.aws_security_group.ecs_service",
            "module.vpc.aws_subnet.private",
            "module.vpc.aws_subnet.public",
            "module.vpc.aws_vpc.main",
            "module.vpc.data.aws_availability_zones.available"
          ]
        }
      ]
    },
    {
      "module": "module.matchmaking",
      "mode": "managed",
      "type": "aws_cloudwatch_log_group",
      "name": "main",
      "provider": "provider[\"registry.terraform.io/hashicorp/aws\"]",
      "instances": [
        {
          "schema_version": 0,
          "attributes": {
            "arn": "arn:aws:logs:eu-central-1:173517262742:log-group:/ecs/dev/matchmaking",
            "id": "/ecs/dev/matchmaking",
            "kms_key_id": "",
            "log_group_class": "STANDARD",
            "name": "/ecs/dev/matchmaking",
            "name_prefix": "",
            "retention_in_days": 30,
            "skip_destroy": false,
            "tags": {
              "Environment": "dev",
              "Name": "dev-matchmaking-logs",
              "Service": "matchmaking",
              "Team": "Platform"
            },
            "tags_all": {
              "Environment": "dev",
              "ManagedBy": "Terraform",
              "Name": "dev-matchmaking-logs",
              "Project": "Winspire",
              "Service": "matchmaking",
              "Team": "Platform"
            }
          },
          "sensitive_attributes": [],
          "private": "bnVsbA=="
        }
      ]
    },
    {
      "module": "module.matchmaking",
      "mode": "managed",
      "type": "aws_ecs_service",
      "name": "main",
      "provider": "provider[\"registry.terraform.io/hashicorp/aws\"]",
      "instances": [
        {
          "schema_version": 1,
          "attributes": {
            "alarms": [],
            "availability_zone_rebalancing": "DISABLED",
            "capacity_provider_strategy": [],
            "cluster": "arn:aws:ecs:eu-central-1:173517262742:cluster/dev-winspire-cluster",
            "deployment_circuit_breaker": [
              {
                "enable": true,
                "rollback": true
              }
            ],
            "deployment_controller": [
              {
                "type": "ECS"
              }
            ],
            "deployment_maximum_percent": 200,
            "deployment_minimum_healthy_percent": 100,
            "desired_count": 0,
            "enable_ecs_managed_tags": false,
            "enable_execute_command": true,
            "force_delete": null,
            "force_new_deployment": null,
            "health_check_grace_period_seconds": 60,
            "iam_role": "/aws-service-role/ecs.amazonaws.com/AWSServiceRoleForECS",
            "id": "arn:aws:ecs:eu-central-1:173517262742:service/dev-winspire-cluster/dev-matchmaking",
            "launch_type": "FARGATE",
            "load_balancer": [
              {
                "container_name": "matchmaking",
                "container_port": 8081,
                "elb_name": "",
                "target_group_arn": "arn:aws:elasticloadbalancing:eu-central-1:173517262742:targetgroup/dev-matchmaking/e2c7f7ab5864bd97"
              }
            ],
            "name": "dev-matchmaking",
            "network_configuration": [
              {
                "assign_public_ip": true,
                "security_groups": [
                  "sg-0f9b25e3942a7cf6f"
                ],
                "subnets": [
                  "subnet-018d074f9201ca07a",
                  "subnet-0c1f13aee639399a6"
                ]
              }
            ],
            "ordered_placement_strategy": [],
            "placement_constraints": [],
            "platform_version": "LATEST",
            "propagate_tags": "NONE",
            "scheduling_strategy": "REPLICA",
            "service_connect_configuration": [],
            "service_registries": [],
            "tags": {
              "Environment": "dev",
              "Name": "dev-matchmaking",
              "Service": "matchmaking",
              "Team": "Platform"
            },
            "tags_all": {
              "Environment": "dev",
              "ManagedBy": "Terraform",
              "Name": "dev-matchmaking",
              "Project": "Winspire",
              "Service": "matchmaking",
              "Team": "Platform"
            },
            "task_definition": "arn:aws:ecs:eu-central-1:173517262742:task-definition/dev-matchmaking:4",
            "timeouts": null,
            "triggers": {},
            "volume_configuration": [],
            "vpc_lattice_configurations": [],
            "wait_for_steady_state": false
          },
          "sensitive_attributes": [],
          "private": "eyJlMmJmYjczMC1lY2FhLTExZTYtOGY4OC0zNDM2M2JjN2M0YzAiOnsiY3JlYXRlIjoxMjAwMDAwMDAwMDAwLCJkZWxldGUiOjEyMDAwMDAwMDAwMDAsInVwZGF0ZSI6MTIwMDAwMDAwMDAwMH0sInNjaGVtYV92ZXJzaW9uIjoiMSJ9",
          "dependencies": [
            "aws_ecs_cluster.main",
            "data.aws_caller_identity.current",
            "module.alb.aws_security_group.alb",
            "module.competition.aws_security_group.ecs_service",
            "module.game_management.aws_security_group.ecs_service",
            "module.matchmaking.aws_cloudwatch_log_group.main",
            "module.matchmaking.aws_ecs_task_definition.main",
            "module.matchmaking.aws_iam_role.ecs_execution",
            "module.matchmaking.aws_iam_role.ecs_task",
            "module.matchmaking.aws_lb_target_group.main",
            "module.matchmaking.aws_security_group.ecs_service",
            "module.matchmaking.data.aws_region.current",
            "module.redis.aws_elasticache_parameter_group.main",
            "module.redis.aws_elasticache_replication_group.main",
            "module.redis.aws_elasticache_subnet_group.main",
            "module.redis.aws_security_group.redis",
            "module.tournament.aws_security_group.ecs_service",
            "module.vpc.aws_subnet.private",
            "module.vpc.aws_subnet.public",
            "module.vpc.aws_vpc.main",
            "module.vpc.data.aws_availability_zones.available"
          ]
        }
      ]
    },
    {
      "module": "module.matchmaking",
      "mode": "managed",
      "type": "aws_ecs_task_definition",
      "name": "main",
      "provider": "provider[\"registry.terraform.io/hashicorp/aws\"]",
      "instances": [
        {
          "schema_version": 1,
          "attributes": {
            "arn": "arn:aws:ecs:eu-central-1:173517262742:task-definition/dev-matchmaking:5",
            "arn_without_revision": "arn:aws:ecs:eu-central-1:173517262742:task-definition/dev-matchmaking",
            "container_definitions": "[{\"environment\":[{\"name\":\"APP_ENV\",\"value\":\"production\"},{\"name\":\"DATABASE_MAX_CONNS\",\"value\":\"25\"},{\"name\":\"DATABASE_MAX_IDLE_CONNS\",\"value\":\"5\"},{\"name\":\"DATABASE_URL\",\"value\":\"postgresql://postgres.fzqcgjwsewkytrijenkf:WC5nLCB3aeO3Bg9C@aws-1-eu-north-1.pooler.supabase.com:6543/postgres\"},{\"name\":\"DISCONNECT_RECONNECT_WINDOW\",\"value\":\"30s\"},{\"name\":\"ENABLE_AUTO_SCORE_RETRIEVAL\",\"value\":\"true\"},{\"name\":\"ENABLE_DISCONNECT_HANDLING\",\"value\":\"true\"},{\"name\":\"ENABLE_WEBSOCKET_LOBBIES\",\"value\":\"true\"},{\"name\":\"GAME_API_CIRCUIT_BREAKER_THRESHOLD\",\"value\":\"5\"},{\"name\":\"GAME_API_CIRCUIT_BREAKER_TIMEOUT\",\"value\":\"30s\"},{\"name\":\"GAME_API_KEY\",\"value\":\"\"},{\"name\":\"GAME_API_POLL_INTERVAL\",\"value\":\"5s\"},{\"name\":\"GAME_API_POLL_TIMEOUT\",\"value\":\"60s\"},{\"name\":\"GAME_API_URL\",\"value\":\"\"},{\"name\":\"GAME_MANAGEMENT_URL\",\"value\":\"http://game-management.internal:8087\"},{\"name\":\"GIN_MODE\",\"value\":\"release\"},{\"name\":\"HOST_JWT_AUDIENCE\",\"value\":\"authenticated\"},{\"name\":\"HOST_JWT_ISSUER\",\"value\":\"https://fzqcgjwsewkytrijenkf.supabase.co/auth/v1\"},{\"name\":\"HOST_JWT_SECRET\",\"value\":\"1wkGsOY1ysD9wipMmSOWO6BjcSm2zl19v6PVqOni7QJFNlDVm1q3CFY4MwqJDMhcyZ4sn8bEJ463B8UED25VqA==\"},{\"name\":\"LOBBY_JOIN_TIMEOUT\",\"value\":\"2m\"},{\"name\":\"LOG_FORMAT\",\"value\":\"json\"},{\"name\":\"LOG_LEVEL\",\"value\":\"info\"},{\"name\":\"MAX_CONCURRENT_TOURNAMENTS\",\"value\":\"50\"},{\"name\":\"MAX_PARTICIPANTS_PER_TOURNAMENT\",\"value\":\"256\"},{\"name\":\"PORT\",\"value\":\"8081\"},{\"name\":\"POSTGRES_DSN\",\"value\":\"postgresql://postgres.fzqcgjwsewkytrijenkf:WC5nLCB3aeO3Bg9C@aws-1-eu-north-1.pooler.supabase.com:6543/postgres\"},{\"name\":\"READY_CHECK_TIMEOUT\",\"value\":\"5m\"},{\"name\":\"REDIS_ADDR\",\"value\":\"dev-winspire-redis.7o5zlr.ng.0001.euc1.cache.amazonaws.com:6379\"},{\"name\":\"REDIS_DB\",\"value\":\"0\"},{\"name\":\"REDIS_PASSWORD\",\"value\":\"\"},{\"name\":\"REDIS_URL\",\"value\":\"redis://dev-winspire-redis.7o5zlr.ng.0001.euc1.cache.amazonaws.com:6379/0\"},{\"name\":\"SERVICE_PORT\",\"value\":\"8081\"},{\"name\":\"SUPABASE_ANON_KEY\",\"value\":\"sb_secret_-_n3SwFJFqT-EOSOEAqJJw_EPUxxlhA\"},{\"name\":\"SUPABASE_SERVICE_KEY\",\"value\":\"\"},{\"name\":\"SUPABASE_URL\",\"value\":\"https://fzqcgjwsewkytrijenkf.supabase.co\"},{\"name\":\"TOURNAMENT_SERVICE_URL\",\"value\":\"http://tournament.internal:8089\"}],\"essential\":true,\"healthCheck\":{\"command\":[\"CMD-SHELL\",\"curl -f http://localhost:8081/healthz || exit 1\"],\"interval\":30,\"retries\":3,\"startPeriod\":60,\"timeout\":5},\"image\":\"173517262742.dkr.ecr.eu-central-1.amazonaws.com/dev-winspire-matchmaking:latest\",\"logConfiguration\":{\"logDriver\":\"awslogs\",\"options\":{\"awslogs-region\":\"eu-central-1\",\"awslogs-stream-prefix\":\"matchmaking\",\"awslogs-group\":\"/ecs/dev/matchmaking\"}},\"mountPoints\":[],\"name\":\"matchmaking\",\"portMappings\":[{\"containerPort\":8081,\"hostPort\":8081,\"protocol\":\"tcp\"}],\"secrets\":[],\"systemControls\":[],\"volumesFrom\":[]}]",
            "cpu": "256",
            "enable_fault_injection": false,
            "ephemeral_storage": [],
            "execution_role_arn": "arn:aws:iam::173517262742:role/dev-matchmaking-ecs-execution",
            "family": "dev-matchmaking",
            "id": "dev-matchmaking",
            "inference_accelerator": [],
            "ipc_mode": "",
            "memory": "512",
            "network_mode": "awsvpc",
            "pid_mode": "",
            "placement_constraints": [],
            "proxy_configuration": [],
            "requires_compatibilities": [
              "FARGATE"
            ],
            "revision": 5,
            "runtime_platform": [],
            "skip_destroy": false,
            "tags": {
              "Environment": "dev",
              "Name": "dev-matchmaking",
              "Service": "matchmaking",
              "Team": "Platform"
            },
            "tags_all": {
              "Environment": "dev",
              "ManagedBy": "Terraform",
              "Name": "dev-matchmaking",
              "Project": "Winspire",
              "Service": "matchmaking",
              "Team": "Platform"
            },
            "task_role_arn": "arn:aws:iam::173517262742:role/dev-matchmaking-ecs-task",
            "track_latest": false,
            "volume": []
          },
          "sensitive_attributes": [
            [
              {
                "type": "get_attr",
                "value": "container_definitions"
              }
            ]
          ],
          "private": "eyJzY2hlbWFfdmVyc2lvbiI6IjEifQ==",
          "dependencies": [
            "data.aws_caller_identity.current",
            "module.matchmaking.aws_cloudwatch_log_group.main",
            "module.matchmaking.aws_iam_role.ecs_execution",
            "module.matchmaking.aws_iam_role.ecs_task",
            "module.matchmaking.data.aws_region.current",
            "module.redis.aws_elasticache_replication_group.main"
          ]
        }
      ]
    },
    {
      "module": "module.matchmaking",
      "mode": "managed",
      "type": "aws_iam_role",
      "name": "ecs_execution",
      "provider": "provider[\"registry.terraform.io/hashicorp/aws\"]",
      "instances": [
        {
          "schema_version": 0,
          "attributes": {
            "arn": "arn:aws:iam::173517262742:role/dev-matchmaking-ecs-execution",
            "assume_role_policy": "{\"Statement\":[{\"Action\":\"sts:AssumeRole\",\"Effect\":\"Allow\",\"Principal\":{\"Service\":\"ecs-tasks.amazonaws.com\"}}],\"Version\":\"2012-10-17\"}",
            "create_date": "2025-12-27T09:11:37Z",
            "description": "",
            "force_detach_policies": false,
            "id": "dev-matchmaking-ecs-execution",
            "inline_policy": [],
            "managed_policy_arns": [
              "arn:aws:iam::aws:policy/service-role/AmazonECSTaskExecutionRolePolicy"
            ],
            "max_session_duration": 3600,
            "name": "dev-matchmaking-ecs-execution",
            "name_prefix": "",
            "path": "/",
            "permissions_boundary": "",
            "tags": {
              "Environment": "dev",
              "Name": "dev-matchmaking-ecs-execution",
              "Service": "matchmaking",
              "Team": "Platform"
            },
            "tags_all": {
              "Environment": "dev",
              "ManagedBy": "Terraform",
              "Name": "dev-matchmaking-ecs-execution",
              "Project": "Winspire",
              "Service": "matchmaking",
              "Team": "Platform"
            },
            "unique_id": "AROASQZTPJ6LICOXUXLEX"
          },
          "sensitive_attributes": [],
          "private": "bnVsbA=="
        }
      ]
    },
    {
      "module": "module.matchmaking",
      "mode": "managed",
      "type": "aws_iam_role",
      "name": "ecs_task",
      "provider": "provider[\"registry.terraform.io/hashicorp/aws\"]",
      "instances": [
        {
          "schema_version": 0,
          "attributes": {
            "arn": "arn:aws:iam::173517262742:role/dev-matchmaking-ecs-task",
            "assume_role_policy": "{\"Statement\":[{\"Action\":\"sts:AssumeRole\",\"Effect\":\"Allow\",\"Principal\":{\"Service\":\"ecs-tasks.amazonaws.com\"}}],\"Version\":\"2012-10-17\"}",
            "create_date": "2025-12-27T09:11:37Z",
            "description": "",
            "force_detach_policies": false,
            "id": "dev-matchmaking-ecs-task",
            "inline_policy": [],
            "managed_policy_arns": [],
            "max_session_duration": 3600,
            "name": "dev-matchmaking-ecs-task",
            "name_prefix": "",
            "path": "/",
            "permissions_boundary": "",
            "tags": {
              "Environment": "dev",
              "Name": "dev-matchmaking-ecs-task",
              "Service": "matchmaking",
              "Team": "Platform"
            },
            "tags_all": {
              "Environment": "dev",
              "ManagedBy": "Terraform",
              "Name": "dev-matchmaking-ecs-task",
              "Project": "Winspire",
              "Service": "matchmaking",
              "Team": "Platform"
            },
            "unique_id": "AROASQZTPJ6LIVCTQNETC"
          },
          "sensitive_attributes": [],
          "private": "bnVsbA=="
        }
      ]
    },
    {
      "module": "module.matchmaking",
      "mode": "managed",
      "type": "aws_iam_role_policy_attachment",
      "name": "ecs_execution",
      "provider": "provider[\"registry.terraform.io/hashicorp/aws\"]",
      "instances": [
        {
          "schema_version": 0,
          "attributes": {
            "id": "dev-matchmaking-ecs-execution-20251227091138303500000003",
            "policy_arn": "arn:aws:iam::aws:policy/service-role/AmazonECSTaskExecutionRolePolicy",
            "role": "dev-matchmaking-ecs-execution"
          },
          "sensitive_attributes": [],
          "private": "bnVsbA==",
          "dependencies": [
            "module.matchmaking.aws_iam_role.ecs_execution"
          ]
        }
      ]
    },
    {
      "module": "module.matchmaking",
      "mode": "managed",
      "type": "aws_lb_target_group",
      "name": "main",
      "provider": "provider[\"registry.terraform.io/hashicorp/aws\"]",
      "instances": [
        {
          "schema_version": 0,
          "attributes": {
            "arn": "arn:aws:elasticloadbalancing:eu-central-1:173517262742:targetgroup/dev-matchmaking/e2c7f7ab5864bd97",
            "arn_suffix": "targetgroup/dev-matchmaking/e2c7f7ab5864bd97",
            "connection_termination": null,
            "deregistration_delay": "30",
            "health_check": [
              {
                "enabled": true,
                "healthy_threshold": 2,
                "interval": 30,
                "matcher": "200",
                "path": "/healthz",
                "port": "traffic-port",
                "protocol": "HTTP",
                "timeout": 5,
                "unhealthy_threshold": 2
              }
            ],
            "id": "arn:aws:elasticloadbalancing:eu-central-1:173517262742:targetgroup/dev-matchmaking/e2c7f7ab5864bd97",
            "ip_address_type": "ipv4",
            "lambda_multi_value_headers_enabled": false,
            "load_balancer_arns": [
              "arn:aws:elasticloadbalancing:eu-central-1:173517262742:loadbalancer/app/dev-winspire-alb/acb6730be66e4918"
            ],
            "load_balancing_algorithm_type": "round_robin",
            "load_balancing_anomaly_mitigation": "off",
            "load_balancing_cross_zone_enabled": "use_load_balancer_configuration",
            "name": "dev-matchmaking",
            "name_prefix": "",
            "port": 8081,
            "preserve_client_ip": null,
            "protocol": "HTTP",
            "protocol_version": "HTTP1",
            "proxy_protocol_v2": false,
            "slow_start": 0,
            "stickiness": [
              {
                "cookie_duration": 86400,
                "cookie_name": "",
                "enabled": false,
                "type": "lb_cookie"
              }
            ],
            "tags": {
              "Environment": "dev",
              "Name": "dev-matchmaking-tg",
              "Service": "matchmaking",
              "Team": "Platform"
            },
            "tags_all": {
              "Environment": "dev",
              "ManagedBy": "Terraform",
              "Name": "dev-matchmaking-tg",
              "Project": "Winspire",
              "Service": "matchmaking",
              "Team": "Platform"
            },
            "target_failover": [
              {
                "on_deregistration": null,
                "on_unhealthy": null
              }
            ],
            "target_group_health": [
              {
                "dns_failover": [
                  {
                    "minimum_healthy_targets_count": "1",
                    "minimum_healthy_targets_percentage": "off"
                  }
                ],
                "unhealthy_state_routing": [
                  {
                    "minimum_healthy_targets_count": 1,
                    "minimum_healthy_targets_percentage": "off"
                  }
                ]
              }
            ],
            "target_health_state": [
              {
                "enable_unhealthy_connection_termination": null,
                "unhealthy_draining_interval": null
              }
            ],
            "target_type": "ip",
            "vpc_id": "vpc-09f33a37a61a241b3"
          },
          "sensitive_attributes": [],
          "private": "bnVsbA==",
          "dependencies": [
            "module.vpc.aws_vpc.main"
          ]
        }
      ]
    },
    {
      "module": "module.matchmaking",
      "mode": "managed",
      "type": "aws_security_group",
      "name": "ecs_service",
      "provider": "provider[\"registry.terraform.io/hashicorp/aws\"]",
      "instances": [
        {
          "schema_version": 1,
          "attributes": {
            "arn": "arn:aws:ec2:eu-central-1:173517262742:security-group/sg-0f9b25e3942a7cf6f",
            "description": "Security group for matchmaking ECS service",
            "egress": [
              {
                "cidr_blocks": [
                  "0.0.0.0/0"
                ],
                "description": "Allow all outbound traffic",
                "from_port": 0,
                "ipv6_cidr_blocks": [],
                "prefix_list_ids": [],
                "protocol": "-1",
                "security_groups": [],
                "self": false,
                "to_port": 0
              }
            ],
            "id": "sg-0f9b25e3942a7cf6f",
            "ingress": [
              {
                "cidr_blocks": [],
                "description": "Allow traffic from ALB",
                "from_port": 8081,
                "ipv6_cidr_blocks": [],
                "prefix_list_ids": [],
                "protocol": "tcp",
                "security_groups": [
                  "sg-026af7811833bf51c"
                ],
                "self": false,
                "to_port": 8081
              }
            ],
            "name": "dev-matchmaking-ecs-sg",
            "name_prefix": "",
            "owner_id": "173517262742",
            "revoke_rules_on_delete": false,
            "tags": {
              "Environment": "dev",
              "Name": "dev-matchmaking-ecs-sg",
              "Service": "matchmaking",
              "Team": "Platform"
            },
            "tags_all": {
              "Environment": "dev",
              "ManagedBy": "Terraform",
              "Name": "dev-matchmaking-ecs-sg",
              "Project": "Winspire",
              "Service": "matchmaking",
              "Team": "Platform"
            },
            "timeouts": null,
            "vpc_id": "vpc-09f33a37a61a241b3"
          },
          "sensitive_attributes": [],
          "private": "eyJlMmJmYjczMC1lY2FhLTExZTYtOGY4OC0zNDM2M2JjN2M0YzAiOnsiY3JlYXRlIjo2MDAwMDAwMDAwMDAsImRlbGV0ZSI6OTAwMDAwMDAwMDAwfSwic2NoZW1hX3ZlcnNpb24iOiIxIn0=",
          "dependencies": [
            "module.alb.aws_security_group.alb",
            "module.vpc.aws_vpc.main"
          ]
        }
      ]
    },
    {
      "module": "module.redis",
      "mode": "managed",
      "type": "aws_elasticache_parameter_group",
      "name": "main",
      "provider": "provider[\"registry.terraform.io/hashicorp/aws\"]",
      "instances": [
        {
          "schema_version": 0,
          "attributes": {
            "arn": "arn:aws:elasticache:eu-central-1:173517262742:parametergroup:dev-winspire-redis-params",
            "description": "Managed by Terraform",
            "family": "redis7",
            "id": "dev-winspire-redis-params",
            "name": "dev-winspire-redis-params",
            "parameter": [
              {
                "name": "maxmemory-policy",
                "value": "allkeys-lru"
              },
              {
                "name": "tcp-keepalive",
                "value": "300"
              },
              {
                "name": "timeout",
                "value": "300"
              }
            ],
            "tags": {
              "Environment": "dev",
              "Name": "dev-winspire-redis-params",
              "Team": "Platform"
            },
            "tags_all": {
              "Environment": "dev",
              "ManagedBy": "Terraform",
              "Name": "dev-winspire-redis-params",
              "Project": "Winspire",
              "Team": "Platform"
            }
          },
          "sensitive_attributes": [],
          "private": "bnVsbA=="
        }
      ]
    },
    {
      "module": "module.redis",
      "mode": "managed",
      "type": "aws_elasticache_replication_group",
      "name": "main",
      "provider": "provider[\"registry.terraform.io/hashicorp/aws\"]",
      "instances": [
        {
          "schema_version": 2,
          "attributes": {
            "apply_immediately": null,
            "arn": "arn:aws:elasticache:eu-central-1:173517262742:replicationgroup:dev-winspire-redis",
            "at_rest_encryption_enabled": "false",
            "auth_token": "",
            "auth_token_update_strategy": "ROTATE",
            "auto_minor_version_upgrade": "true",
            "automatic_failover_enabled": false,
            "cluster_enabled": false,
            "cluster_mode": "disabled",
            "configuration_endpoint_address": null,
            "data_tiering_enabled": false,
            "description": "Redis cluster for Winspire dev",
            "engine": "redis",
            "engine_version": "7.1",
            "engine_version_actual": "7.1.0",
            "final_snapshot_identifier": null,
            "global_replication_group_id": null,
            "id": "dev-winspire-redis",
            "ip_discovery": "ipv4",
            "kms_key_id": "",
            "log_delivery_configuration": [],
            "maintenance_window": "sun:05:00-sun:06:00",
            "member_clusters": [
              "dev-winspire-redis-001"
            ],
            "multi_az_enabled": false,
            "network_type": "ipv4",
            "node_type": "cache.t4g.micro",
            "notification_topic_arn": null,
            "num_cache_clusters": 1,
            "num_node_groups": 1,
            "parameter_group_name": "dev-winspire-redis-params",
            "port": 6379,
            "preferred_cache_cluster_azs": null,
            "primary_endpoint_address": "dev-winspire-redis.7o5zlr.ng.0001.euc1.cache.amazonaws.com",
            "reader_endpoint_address": "dev-winspire-redis-ro.7o5zlr.ng.0001.euc1.cache.amazonaws.com",
            "replicas_per_node_group": 0,
            "replication_group_id": "dev-winspire-redis",
            "security_group_ids": [
              "sg-030899f9a73be879c"
            ],
            "security_group_names": [],
            "snapshot_arns": null,
            "snapshot_name": null,
            "snapshot_retention_limit": 5,
            "snapshot_window": "03:00-04:00",
            "subnet_group_name": "dev-winspire-redis",
            "tags": {
              "Environment": "dev",
              "Name": "dev-winspire-redis",
              "Team": "Platform"
            },
            "tags_all": {
              "Environment": "dev",
              "ManagedBy": "Terraform",
              "Name": "dev-winspire-redis",
              "Project": "Winspire",
              "Team": "Platform"
            },
            "timeouts": null,
            "transit_encryption_enabled": false,
            "transit_encryption_mode": "",
            "user_group_ids": []
          },
          "sensitive_attributes": [],
          "private": "eyJlMmJmYjczMC1lY2FhLTExZTYtOGY4OC0zNDM2M2JjN2M0YzAiOnsiY3JlYXRlIjozNjAwMDAwMDAwMDAwLCJkZWxldGUiOjI3MDAwMDAwMDAwMDAsInVwZGF0ZSI6MjQwMDAwMDAwMDAwMH0sInNjaGVtYV92ZXJzaW9uIjoiMiJ9",
          "dependencies": [
            "module.alb.aws_security_group.alb",
            "module.game_management.aws_security_group.ecs_service",
            "module.matchmaking.aws_security_group.ecs_service",
            "module.redis.aws_elasticache_parameter_group.main",
            "module.redis.aws_elasticache_subnet_group.main",
            "module.redis.aws_security_group.redis",
            "module.tournament.aws_security_group.ecs_service",
            "module.vpc.aws_subnet.private",
            "module.vpc.aws_vpc.main",
            "module.vpc.data.aws_availability_zones.available"
          ]
        }
      ]
    },
    {
      "module": "module.redis",
      "mode": "managed",
      "type": "aws_elasticache_subnet_group",
      "name": "main",
      "provider": "provider[\"registry.terraform.io/hashicorp/aws\"]",
      "instances": [
        {
          "schema_version": 0,
          "attributes": {
            "arn": "arn:aws:elasticache:eu-central-1:173517262742:subnetgroup:dev-winspire-redis",
            "description": "Managed by Terraform",
            "id": "dev-winspire-redis",
            "name": "dev-winspire-redis",
            "subnet_ids": [
              "subnet-0618d163c10d84c04",
              "subnet-0857533f5a72fa121"
            ],
            "tags": {
              "Environment": "dev",
              "Name": "dev-winspire-redis-subnet-group",
              "Team": "Platform"
            },
            "tags_all": {
              "Environment": "dev",
              "ManagedBy": "Terraform",
              "Name": "dev-winspire-redis-subnet-group",
              "Project": "Winspire",
              "Team": "Platform"
            },
            "vpc_id": "vpc-09f33a37a61a241b3"
          },
          "sensitive_attributes": [],
          "private": "bnVsbA==",
          "dependencies": [
            "module.vpc.aws_subnet.private",
            "module.vpc.aws_vpc.main",
            "module.vpc.data.aws_availability_zones.available"
          ]
        }
      ]
    },
    {
      "module": "module.redis",
      "mode": "managed",
      "type": "aws_security_group",
      "name": "redis",
      "provider": "provider[\"registry.terraform.io/hashicorp/aws\"]",
      "instances": [
        {
          "schema_version": 1,
          "attributes": {
            "arn": "arn:aws:ec2:eu-central-1:173517262742:security-group/sg-030899f9a73be879c",
            "description": "Security group for Winspire Redis cluster",
            "egress": [
              {
                "cidr_blocks": [
                  "0.0.0.0/0"
                ],
                "description": "Allow all outbound traffic",
                "from_port": 0,
                "ipv6_cidr_blocks": [],
                "prefix_list_ids": [],
                "protocol": "-1",
                "security_groups": [],
                "self": false,
                "to_port": 0
              }
            ],
            "id": "sg-030899f9a73be879c",
            "ingress": [
              {
                "cidr_blocks": [],
                "description": "Allow Redis traffic from allowed security groups",
                "from_port": 6379,
                "ipv6_cidr_blocks": [],
                "prefix_list_ids": [],
                "protocol": "tcp",
                "security_groups": [
                  "sg-0ccdeca93b21eb9ae",
                  "sg-0e0f11fc39d2bcbbd",
                  "sg-0f9b25e3942a7cf6f"
                ],
                "self": false,
                "to_port": 6379
              }
            ],
            "name": "dev-winspire-redis-sg",
            "name_prefix": "",
            "owner_id": "173517262742",
            "revoke_rules_on_delete": false,
            "tags": {
              "Environment": "dev",
              "Name": "dev-winspire-redis-sg",
              "Team": "Platform"
            },
            "tags_all": {
              "Environment": "dev",
              "ManagedBy": "Terraform",
              "Name": "dev-winspire-redis-sg",
              "Project": "Winspire",
              "Team": "Platform"
            },
            "timeouts": null,
            "vpc_id": "vpc-09f33a37a61a241b3"
          },
          "sensitive_attributes": [],
          "private": "eyJlMmJmYjczMC1lY2FhLTExZTYtOGY4OC0zNDM2M2JjN2M0YzAiOnsiY3JlYXRlIjo2MDAwMDAwMDAwMDAsImRlbGV0ZSI6OTAwMDAwMDAwMDAwfSwic2NoZW1hX3ZlcnNpb24iOiIxIn0=",
          "dependencies": [
            "module.alb.aws_security_group.alb",
            "module.competition.aws_security_group.ecs_service",
            "module.game_management.aws_security_group.ecs_service",
            "module.matchmaking.aws_security_group.ecs_service",
            "module.tournament.aws_security_group.ecs_service",
            "module.vpc.aws_vpc.main"
          ]
        }
      ]
    },
    {
      "module": "module.tournament",
      "mode": "data",
      "type": "aws_region",
      "name": "current",
      "provider": "provider[\"registry.terraform.io/hashicorp/aws\"]",
      "instances": [
        {
          "schema_version": 0,
          "attributes": {
            "description": "Europe (Frankfurt)",
            "endpoint": "ec2.eu-central-1.amazonaws.com",
            "id": "eu-central-1",
            "name": "eu-central-1"
          },
          "sensitive_attributes": []
        }
      ]
    },
    {
      "module": "module.tournament",
      "mode": "managed",
      "type": "aws_appautoscaling_policy",
      "name": "cpu",
      "provider": "provider[\"registry.terraform.io/hashicorp/aws\"]",
      "instances": [
        {
          "index_key": 0,
          "schema_version": 0,
          "attributes": {
            "alarm_arns": [
              "arn:aws:cloudwatch:eu-central-1:173517262742:alarm:TargetTracking-service/dev-winspire-cluster/dev-tournament-AlarmHigh-8ccd5e80-fbc1-406a-b4cc-84b812b194fa",
              "arn:aws:cloudwatch:eu-central-1:173517262742:alarm:TargetTracking-service/dev-winspire-cluster/dev-tournament-AlarmLow-656b64a1-fead-48d7-8f12-09eb8673f8d1"
            ],
            "arn": "arn:aws:autoscaling:eu-central-1:173517262742:scalingPolicy:12a7fc5b-743e-4271-8742-fdc1cd86253a:resource/ecs/service/dev-winspire-cluster/dev-tournament:policyName/dev-tournament-cpu-scaling",
            "id": "dev-tournament-cpu-scaling",
            "name": "dev-tournament-cpu-scaling",
            "policy_type": "TargetTrackingScaling",
            "resource_id": "service/dev-winspire-cluster/dev-tournament",
            "scalable_dimension": "ecs:service:DesiredCount",
            "service_namespace": "ecs",
            "step_scaling_policy_configuration": [],
            "target_tracking_scaling_policy_configuration": [
              {
                "customized_metric_specification": [],
                "disable_scale_in": false,
                "predefined_metric_specification": [
                  {
                    "predefined_metric_type": "ECSServiceAverageCPUUtilization",
                    "resource_label": ""
                  }
                ],
                "scale_in_cooldown": 300,
                "scale_out_cooldown": 60,
                "target_value": 70
              }
            ]
          },
          "sensitive_attributes": [],
          "private": "bnVsbA==",
          "dependencies": [
            "aws_ecs_cluster.main",
            "data.aws_caller_identity.current",
            "module.alb.aws_security_group.alb",
            "module.game_management.aws_security_group.ecs_service",
            "module.matchmaking.aws_security_group.ecs_service",
            "module.redis.aws_elasticache_parameter_group.main",
            "module.redis.aws_elasticache_replication_group.main",
            "module.redis.aws_elasticache_subnet_group.main",
            "module.redis.aws_security_group.redis",
            "module.tournament.aws_appautoscaling_target.ecs",
            "module.tournament.aws_cloudwatch_log_group.main",
            "module.tournament.aws_ecs_service.main",
            "module.tournament.aws_ecs_task_definition.main",
            "module.tournament.aws_iam_role.ecs_execution",
            "module.tournament.aws_iam_role.ecs_task",
            "module.tournament.aws_lb_target_group.main",
            "module.tournament.aws_security_group.ecs_service",
            "module.tournament.data.aws_region.current",
            "module.vpc.aws_subnet.private",
            "module.vpc.aws_subnet.public",
            "module.vpc.aws_vpc.main",
            "module.vpc.data.aws_availability_zones.available"
          ]
        }
      ]
    },
    {
      "module": "module.tournament",
      "mode": "managed",
      "type": "aws_appautoscaling_policy",
      "name": "memory",
      "provider": "provider[\"registry.terraform.io/hashicorp/aws\"]",
      "instances": [
        {
          "index_key": 0,
          "schema_version": 0,
          "attributes": {
            "alarm_arns": [
              "arn:aws:cloudwatch:eu-central-1:173517262742:alarm:TargetTracking-service/dev-winspire-cluster/dev-tournament-AlarmHigh-30d689cd-8dde-404c-aa2f-fe9f0c03d054",
              "arn:aws:cloudwatch:eu-central-1:173517262742:alarm:TargetTracking-service/dev-winspire-cluster/dev-tournament-AlarmLow-dc39b53f-ef96-4cbb-9b13-a992e3e882dc"
            ],
            "arn": "arn:aws:autoscaling:eu-central-1:173517262742:scalingPolicy:12a7fc5b-743e-4271-8742-fdc1cd86253a:resource/ecs/service/dev-winspire-cluster/dev-tournament:policyName/dev-tournament-memory-scaling",
            "id": "dev-tournament-memory-scaling",
            "name": "dev-tournament-memory-scaling",
            "policy_type": "TargetTrackingScaling",
            "resource_id": "service/dev-winspire-cluster/dev-tournament",
            "scalable_dimension": "ecs:service:DesiredCount",
            "service_namespace": "ecs",
            "step_scaling_policy_configuration": [],
            "target_tracking_scaling_policy_configuration": [
              {
                "customized_metric_specification": [],
                "disable_scale_in": false,
                "predefined_metric_specification": [
                  {
                    "predefined_metric_type": "ECSServiceAverageMemoryUtilization",
                    "resource_label": ""
                  }
                ],
                "scale_in_cooldown": 300,
                "scale_out_cooldown": 60,
                "target_value": 80
              }
            ]
          },
          "sensitive_attributes": [],
          "private": "bnVsbA==",
          "dependencies": [
            "aws_ecs_cluster.main",
            "data.aws_caller_identity.current",
            "module.alb.aws_security_group.alb",
            "module.game_management.aws_security_group.ecs_service",
            "module.matchmaking.aws_security_group.ecs_service",
            "module.redis.aws_elasticache_parameter_group.main",
            "module.redis.aws_elasticache_replication_group.main",
            "module.redis.aws_elasticache_subnet_group.main",
            "module.redis.aws_security_group.redis",
            "module.tournament.aws_appautoscaling_target.ecs",
            "module.tournament.aws_cloudwatch_log_group.main",
            "module.tournament.aws_ecs_service.main",
            "module.tournament.aws_ecs_task_definition.main",
            "module.tournament.aws_iam_role.ecs_execution",
            "module.tournament.aws_iam_role.ecs_task",
            "module.tournament.aws_lb_target_group.main",
            "module.tournament.aws_security_group.ecs_service",
            "module.tournament.data.aws_region.current",
            "module.vpc.aws_subnet.private",
            "module.vpc.aws_subnet.public",
            "module.vpc.aws_vpc.main",
            "module.vpc.data.aws_availability_zones.available"
          ]
        }
      ]
    },
    {
      "module": "module.tournament",
      "mode": "managed",
      "type": "aws_appautoscaling_target",
      "name": "ecs",
      "provider": "provider[\"registry.terraform.io/hashicorp/aws\"]",
      "instances": [
        {
          "index_key": 0,
          "schema_version": 0,
          "attributes": {
            "arn": "arn:aws:application-autoscaling:eu-central-1:173517262742:scalable-target/0ec512a7fc5b743e42718742fdc1cd86253a",
            "id": "service/dev-winspire-cluster/dev-tournament",
            "max_capacity": 10,
            "min_capacity": 0,
            "resource_id": "service/dev-winspire-cluster/dev-tournament",
            "role_arn": "arn:aws:iam::173517262742:role/aws-service-role/ecs.application-autoscaling.amazonaws.com/AWSServiceRoleForApplicationAutoScaling_ECSService",
            "scalable_dimension": "ecs:service:DesiredCount",
            "service_namespace": "ecs",
            "suspended_state": [
              {
                "dynamic_scaling_in_suspended": false,
                "dynamic_scaling_out_suspended": false,
                "scheduled_scaling_suspended": false
              }
            ],
            "tags": {},
            "tags_all": {
              "Environment": "dev",
              "ManagedBy": "Terraform",
              "Project": "Winspire"
            }
          },
          "sensitive_attributes": [],
          "private": "bnVsbA==",
          "dependencies": [
            "aws_ecs_cluster.main",
            "data.aws_caller_identity.current",
            "module.alb.aws_security_group.alb",
            "module.game_management.aws_security_group.ecs_service",
            "module.matchmaking.aws_security_group.ecs_service",
            "module.redis.aws_elasticache_parameter_group.main",
            "module.redis.aws_elasticache_replication_group.main",
            "module.redis.aws_elasticache_subnet_group.main",
            "module.redis.aws_security_group.redis",
            "module.tournament.aws_cloudwatch_log_group.main",
            "module.tournament.aws_ecs_service.main",
            "module.tournament.aws_ecs_task_definition.main",
            "module.tournament.aws_iam_role.ecs_execution",
            "module.tournament.aws_iam_role.ecs_task",
            "module.tournament.aws_lb_target_group.main",
            "module.tournament.aws_security_group.ecs_service",
            "module.tournament.data.aws_region.current",
            "module.vpc.aws_subnet.private",
            "module.vpc.aws_subnet.public",
            "module.vpc.aws_vpc.main",
            "module.vpc.data.aws_availability_zones.available"
          ]
        }
      ]
    },
    {
      "module": "module.tournament",
      "mode": "managed",
      "type": "aws_cloudwatch_log_group",
      "name": "main",
      "provider": "provider[\"registry.terraform.io/hashicorp/aws\"]",
      "instances": [
        {
          "schema_version": 0,
          "attributes": {
            "arn": "arn:aws:logs:eu-central-1:173517262742:log-group:/ecs/dev/tournament",
            "id": "/ecs/dev/tournament",
            "kms_key_id": "",
            "log_group_class": "STANDARD",
            "name": "/ecs/dev/tournament",
            "name_prefix": "",
            "retention_in_days": 30,
            "skip_destroy": false,
            "tags": {
              "Environment": "dev",
              "Name": "dev-tournament-logs",
              "Service": "tournament",
              "Team": "Platform"
            },
            "tags_all": {
              "Environment": "dev",
              "ManagedBy": "Terraform",
              "Name": "dev-tournament-logs",
              "Project": "Winspire",
              "Service": "tournament",
              "Team": "Platform"
            }
          },
          "sensitive_attributes": [],
          "private": "bnVsbA=="
        }
      ]
    },
    {
      "module": "module.tournament",
      "mode": "managed",
      "type": "aws_ecs_service",
      "name": "main",
      "provider": "provider[\"registry.terraform.io/hashicorp/aws\"]",
      "instances": [
        {
          "schema_version": 1,
          "attributes": {
            "alarms": [],
            "availability_zone_rebalancing": "DISABLED",
            "capacity_provider_strategy": [],
            "cluster": "arn:aws:ecs:eu-central-1:173517262742:cluster/dev-winspire-cluster",
            "deployment_circuit_breaker": [
              {
                "enable": true,
                "rollback": true
              }
            ],
            "deployment_controller": [
              {
                "type": "ECS"
              }
            ],
            "deployment_maximum_percent": 200,
            "deployment_minimum_healthy_percent": 100,
            "desired_count": 0,
            "enable_ecs_managed_tags": false,
            "enable_execute_command": true,
            "force_delete": null,
            "force_new_deployment": null,
            "health_check_grace_period_seconds": 60,
            "iam_role": "/aws-service-role/ecs.amazonaws.com/AWSServiceRoleForECS",
            "id": "arn:aws:ecs:eu-central-1:173517262742:service/dev-winspire-cluster/dev-tournament",
            "launch_type": "FARGATE",
            "load_balancer": [
              {
                "container_name": "tournament",
                "container_port": 8089,
                "elb_name": "",
                "target_group_arn": "arn:aws:elasticloadbalancing:eu-central-1:173517262742:targetgroup/dev-tournament/e7cede9a3dd2b06f"
              }
            ],
            "name": "dev-tournament",
            "network_configuration": [
              {
                "assign_public_ip": true,
                "security_groups": [
                  "sg-092d6c73ee5725c92"
                ],
                "subnets": [
                  "subnet-018d074f9201ca07a",
                  "subnet-0c1f13aee639399a6"
                ]
              }
            ],
            "ordered_placement_strategy": [],
            "placement_constraints": [],
            "platform_version": "LATEST",
            "propagate_tags": "NONE",
            "scheduling_strategy": "REPLICA",
            "service_connect_configuration": [],
            "service_registries": [],
            "tags": {
              "Environment": "dev",
              "Name": "dev-tournament",
              "Service": "tournament",
              "Team": "Platform"
            },
            "tags_all": {
              "Environment": "dev",
              "ManagedBy": "Terraform",
              "Name": "dev-tournament",
              "Project": "Winspire",
              "Service": "tournament",
              "Team": "Platform"
            },
            "task_definition": "arn:aws:ecs:eu-central-1:173517262742:task-definition/dev-tournament:1",
            "timeouts": null,
            "triggers": {},
            "volume_configuration": [],
            "vpc_lattice_configurations": [],
            "wait_for_steady_state": false
          },
          "sensitive_attributes": [],
          "private": "eyJlMmJmYjczMC1lY2FhLTExZTYtOGY4OC0zNDM2M2JjN2M0YzAiOnsiY3JlYXRlIjoxMjAwMDAwMDAwMDAwLCJkZWxldGUiOjEyMDAwMDAwMDAwMDAsInVwZGF0ZSI6MTIwMDAwMDAwMDAwMH0sInNjaGVtYV92ZXJzaW9uIjoiMSJ9",
          "dependencies": [
            "aws_ecs_cluster.main",
            "data.aws_caller_identity.current",
            "module.alb.aws_security_group.alb",
            "module.game_management.aws_security_group.ecs_service",
            "module.matchmaking.aws_security_group.ecs_service",
            "module.redis.aws_elasticache_parameter_group.main",
            "module.redis.aws_elasticache_replication_group.main",
            "module.redis.aws_elasticache_subnet_group.main",
            "module.redis.aws_security_group.redis",
            "module.tournament.aws_cloudwatch_log_group.main",
            "module.tournament.aws_ecs_task_definition.main",
            "module.tournament.aws_iam_role.ecs_execution",
            "module.tournament.aws_iam_role.ecs_task",
            "module.tournament.aws_lb_target_group.main",
            "module.tournament.aws_security_group.ecs_service",
            "module.tournament.data.aws_region.current",
            "module.vpc.aws_subnet.private",
            "module.vpc.aws_subnet.public",
            "module.vpc.aws_vpc.main",
            "module.vpc.data.aws_availability_zones.available"
          ]
        }
      ]
    },
    {
      "module": "module.tournament",
      "mode": "managed",
      "type": "aws_ecs_task_definition",
      "name": "main",
      "provider": "provider[\"registry.terraform.io/hashicorp/aws\"]",
      "instances": [
        {
          "schema_version": 1,
          "attributes": {
            "arn": "arn:aws:ecs:eu-central-1:173517262742:task-definition/dev-tournament:1",
            "arn_without_revision": "arn:aws:ecs:eu-central-1:173517262742:task-definition/dev-tournament",
            "container_definitions": "[{\"environment\":[{\"name\":\"APP_ENV\",\"value\":\"production\"},{\"name\":\"GAME_MANAGEMENT_URL\",\"value\":\"http://game-management.internal:8087\"},{\"name\":\"HOST_JWT_AUDIENCE\",\"value\":\"authenticated\"},{\"name\":\"HOST_JWT_ISSUER\",\"value\":\"https://fzqcgjwsewkytrijenkf.supabase.co/auth/v1\"},{\"name\":\"HOST_JWT_SECRET\",\"value\":\"1wkGsOY1ysD9wipMmSOWO6BjcSm2zl19v6PVqOni7QJFNlDVm1q3CFY4MwqJDMhcyZ4sn8bEJ463B8UED25VqA==\"},{\"name\":\"HTTP_READ_TIMEOUT\",\"value\":\"15s\"},{\"name\":\"HTTP_WRITE_TIMEOUT\",\"value\":\"15s\"},{\"name\":\"LOG_LEVEL\",\"value\":\"info\"},{\"name\":\"MATCHMAKING_BASE_URL\",\"value\":\"http://matchmaking.internal:8081\"},{\"name\":\"POSTGRES_DSN\",\"value\":\"postgresql://postgres.fzqcgjwsewkytrijenkf:WC5nLCB3aeO3Bg9C@aws-1-eu-north-1.pooler.supabase.com:6543/postgres\"},{\"name\":\"REDIS_ADDR\",\"value\":\"dev-winspire-redis.7o5zlr.ng.0001.euc1.cache.amazonaws.com:6379\"},{\"name\":\"SCHEDULER_ENABLED\",\"value\":\"true\"},{\"name\":\"SCHEDULER_INTERVAL\",\"value\":\"*/2 * * * *\"},{\"name\":\"SERVICE_PORT\",\"value\":\"8089\"},{\"name\":\"SHUTDOWN_GRACE\",\"value\":\"10s\"}],\"essential\":true,\"healthCheck\":{\"command\":[\"CMD-SHELL\",\"curl -f http://localhost:8089/healthz || exit 1\"],\"interval\":30,\"retries\":3,\"startPeriod\":60,\"timeout\":5},\"image\":\"173517262742.dkr.ecr.eu-central-1.amazonaws.com/dev-winspire-tournament:latest\",\"logConfiguration\":{\"logDriver\":\"awslogs\",\"options\":{\"awslogs-group\":\"/ecs/dev/tournament\",\"awslogs-region\":\"eu-central-1\",\"awslogs-stream-prefix\":\"tournament\"}},\"mountPoints\":[],\"name\":\"tournament\",\"portMappings\":[{\"containerPort\":8089,\"hostPort\":8089,\"protocol\":\"tcp\"}],\"secrets\":[],\"systemControls\":[],\"volumesFrom\":[]}]",
            "cpu": "256",
            "enable_fault_injection": false,
            "ephemeral_storage": [],
            "execution_role_arn": "arn:aws:iam::173517262742:role/dev-tournament-ecs-execution",
            "family": "dev-tournament",
            "id": "dev-tournament",
            "inference_accelerator": [],
            "ipc_mode": "",
            "memory": "512",
            "network_mode": "awsvpc",
            "pid_mode": "",
            "placement_constraints": [],
            "proxy_configuration": [],
            "requires_compatibilities": [
              "FARGATE"
            ],
            "revision": 1,
            "runtime_platform": [],
            "skip_destroy": false,
            "tags": {
              "Environment": "dev",
              "Name": "dev-tournament",
              "Service": "tournament",
              "Team": "Platform"
            },
            "tags_all": {
              "Environment": "dev",
              "ManagedBy": "Terraform",
              "Name": "dev-tournament",
              "Project": "Winspire",
              "Service": "tournament",
              "Team": "Platform"
            },
            "task_role_arn": "arn:aws:iam::173517262742:role/dev-tournament-ecs-task",
            "track_latest": false,
            "volume": []
          },
          "sensitive_attributes": [
            [
              {
                "type": "get_attr",
                "value": "container_definitions"
              }
            ]
          ],
          "private": "eyJzY2hlbWFfdmVyc2lvbiI6IjEifQ==",
          "dependencies": [
            "data.aws_caller_identity.current",
            "module.alb.aws_security_group.alb",
            "module.game_management.aws_security_group.ecs_service",
            "module.matchmaking.aws_security_group.ecs_service",
            "module.redis.aws_elasticache_parameter_group.main",
            "module.redis.aws_elasticache_replication_group.main",
            "module.redis.aws_elasticache_subnet_group.main",
            "module.redis.aws_security_group.redis",
            "module.tournament.aws_cloudwatch_log_group.main",
            "module.tournament.aws_iam_role.ecs_execution",
            "module.tournament.aws_iam_role.ecs_task",
            "module.tournament.aws_security_group.ecs_service",
            "module.tournament.data.aws_region.current",
            "module.vpc.aws_subnet.private",
            "module.vpc.aws_vpc.main",
            "module.vpc.data.aws_availability_zones.available"
          ]
        }
      ]
    },
    {
      "module": "module.tournament",
      "mode": "managed",
      "type": "aws_iam_role",
      "name": "ecs_execution",
      "provider": "provider[\"registry.terraform.io/hashicorp/aws\"]",
      "instances": [
        {
          "schema_version": 0,
          "attributes": {
            "arn": "arn:aws:iam::173517262742:role/dev-tournament-ecs-execution",
            "assume_role_policy": "{\"Statement\":[{\"Action\":\"sts:AssumeRole\",\"Effect\":\"Allow\",\"Principal\":{\"Service\":\"ecs-tasks.amazonaws.com\"}}],\"Version\":\"2012-10-17\"}",
            "create_date": "2025-12-29T11:04:43Z",
            "description": "",
            "force_detach_policies": false,
            "id": "dev-tournament-ecs-execution",
            "inline_policy": [],
            "managed_policy_arns": [
              "arn:aws:iam::aws:policy/service-role/AmazonECSTaskExecutionRolePolicy"
            ],
            "max_session_duration": 3600,
            "name": "dev-tournament-ecs-execution",
            "name_prefix": "",
            "path": "/",
            "permissions_boundary": "",
            "tags": {
              "Environment": "dev",
              "Name": "dev-tournament-ecs-execution",
              "Service": "tournament",
              "Team": "Platform"
            },
            "tags_all": {
              "Environment": "dev",
              "ManagedBy": "Terraform",
              "Name": "dev-tournament-ecs-execution",
              "Project": "Winspire",
              "Service": "tournament",
              "Team": "Platform"
            },
            "unique_id": "AROASQZTPJ6LJAUGAWDRG"
          },
          "sensitive_attributes": [],
          "private": "bnVsbA=="
        }
      ]
    },
    {
      "module": "module.tournament",
      "mode": "managed",
      "type": "aws_iam_role",
      "name": "ecs_task",
      "provider": "provider[\"registry.terraform.io/hashicorp/aws\"]",
      "instances": [
        {
          "schema_version": 0,
          "attributes": {
            "arn": "arn:aws:iam::173517262742:role/dev-tournament-ecs-task",
            "assume_role_policy": "{\"Statement\":[{\"Action\":\"sts:AssumeRole\",\"Effect\":\"Allow\",\"Principal\":{\"Service\":\"ecs-tasks.amazonaws.com\"}}],\"Version\":\"2012-10-17\"}",
            "create_date": "2025-12-29T11:04:43Z",
            "description": "",
            "force_detach_policies": false,
            "id": "dev-tournament-ecs-task",
            "inline_policy": [],
            "managed_policy_arns": [],
            "max_session_duration": 3600,
            "name": "dev-tournament-ecs-task",
            "name_prefix": "",
            "path": "/",
            "permissions_boundary": "",
            "tags": {
              "Environment": "dev",
              "Name": "dev-tournament-ecs-task",
              "Service": "tournament",
              "Team": "Platform"
            },
            "tags_all": {
              "Environment": "dev",
              "ManagedBy": "Terraform",
              "Name": "dev-tournament-ecs-task",
              "Project": "Winspire",
              "Service": "tournament",
              "Team": "Platform"
            },
            "unique_id": "AROASQZTPJ6LEN6EWOPUC"
          },
          "sensitive_attributes": [],
          "private": "bnVsbA=="
        }
      ]
    },
    {
      "module": "module.tournament",
      "mode": "managed",
      "type": "aws_iam_role_policy_attachment",
      "name": "ecs_execution",
      "provider": "provider[\"registry.terraform.io/hashicorp/aws\"]",
      "instances": [
        {
          "schema_version": 0,
          "attributes": {
            "id": "dev-tournament-ecs-execution-20251229110444395700000001",
            "policy_arn": "arn:aws:iam::aws:policy/service-role/AmazonECSTaskExecutionRolePolicy",
            "role": "dev-tournament-ecs-execution"
          },
          "sensitive_attributes": [],
          "private": "bnVsbA==",
          "dependencies": [
            "module.tournament.aws_iam_role.ecs_execution"
          ]
        }
      ]
    },
    {
      "module": "module.tournament",
      "mode": "managed",
      "type": "aws_lb_target_group",
      "name": "main",
      "provider": "provider[\"registry.terraform.io/hashicorp/aws\"]",
      "instances": [
        {
          "schema_version": 0,
          "attributes": {
            "arn": "arn:aws:elasticloadbalancing:eu-central-1:173517262742:targetgroup/dev-tournament/e7cede9a3dd2b06f",
            "arn_suffix": "targetgroup/dev-tournament/e7cede9a3dd2b06f",
            "connection_termination": null,
            "deregistration_delay": "30",
            "health_check": [
              {
                "enabled": true,
                "healthy_threshold": 2,
                "interval": 30,
                "matcher": "200",
                "path": "/healthz",
                "port": "traffic-port",
                "protocol": "HTTP",
                "timeout": 5,
                "unhealthy_threshold": 2
              }
            ],
            "id": "arn:aws:elasticloadbalancing:eu-central-1:173517262742:targetgroup/dev-tournament/e7cede9a3dd2b06f",
            "ip_address_type": "ipv4",
            "lambda_multi_value_headers_enabled": false,
            "load_balancer_arns": [
              "arn:aws:elasticloadbalancing:eu-central-1:173517262742:loadbalancer/app/dev-winspire-alb/acb6730be66e4918"
            ],
            "load_balancing_algorithm_type": "round_robin",
            "load_balancing_anomaly_mitigation": "off",
            "load_balancing_cross_zone_enabled": "use_load_balancer_configuration",
            "name": "dev-tournament",
            "name_prefix": "",
            "port": 8089,
            "preserve_client_ip": null,
            "protocol": "HTTP",
            "protocol_version": "HTTP1",
            "proxy_protocol_v2": false,
            "slow_start": 0,
            "stickiness": [
              {
                "cookie_duration": 3600,
                "cookie_name": "",
                "enabled": true,
                "type": "lb_cookie"
              }
            ],
            "tags": {
              "Environment": "dev",
              "Name": "dev-tournament-tg",
              "Service": "tournament",
              "Team": "Platform"
            },
            "tags_all": {
              "Environment": "dev",
              "ManagedBy": "Terraform",
              "Name": "dev-tournament-tg",
              "Project": "Winspire",
              "Service": "tournament",
              "Team": "Platform"
            },
            "target_failover": [
              {
                "on_deregistration": null,
                "on_unhealthy": null
              }
            ],
            "target_group_health": [
              {
                "dns_failover": [
                  {
                    "minimum_healthy_targets_count": "1",
                    "minimum_healthy_targets_percentage": "off"
                  }
                ],
                "unhealthy_state_routing": [
                  {
                    "minimum_healthy_targets_count": 1,
                    "minimum_healthy_targets_percentage": "off"
                  }
                ]
              }
            ],
            "target_health_state": [
              {
                "enable_unhealthy_connection_termination": null,
                "unhealthy_draining_interval": null
              }
            ],
            "target_type": "ip",
            "vpc_id": "vpc-09f33a37a61a241b3"
          },
          "sensitive_attributes": [],
          "private": "bnVsbA==",
          "dependencies": [
            "module.vpc.aws_vpc.main"
          ]
        }
      ]
    },
    {
      "module": "module.tournament",
      "mode": "managed",
      "type": "aws_security_group",
      "name": "ecs_service",
      "provider": "provider[\"registry.terraform.io/hashicorp/aws\"]",
      "instances": [
        {
          "schema_version": 1,
          "attributes": {
            "arn": "arn:aws:ec2:eu-central-1:173517262742:security-group/sg-092d6c73ee5725c92",
            "description": "Security group for tournament ECS service",
            "egress": [
              {
                "cidr_blocks": [
                  "0.0.0.0/0"
                ],
                "description": "Allow all outbound traffic",
                "from_port": 0,
                "ipv6_cidr_blocks": [],
                "prefix_list_ids": [],
                "protocol": "-1",
                "security_groups": [],
                "self": false,
                "to_port": 0
              }
            ],
            "id": "sg-092d6c73ee5725c92",
            "ingress": [
              {
                "cidr_blocks": [],
                "description": "Allow traffic from ALB",
                "from_port": 8089,
                "ipv6_cidr_blocks": [],
                "prefix_list_ids": [],
                "protocol": "tcp",
                "security_groups": [
                  "sg-026af7811833bf51c"
                ],
                "self": false,
                "to_port": 8089
              }
            ],
            "name": "dev-tournament-ecs-sg",
            "name_prefix": "",
            "owner_id": "173517262742",
            "revoke_rules_on_delete": false,
            "tags": {
              "Environment": "dev",
              "Name": "dev-tournament-ecs-sg",
              "Service": "tournament",
              "Team": "Platform"
            },
            "tags_all": {
              "Environment": "dev",
              "ManagedBy": "Terraform",
              "Name": "dev-tournament-ecs-sg",
              "Project": "Winspire",
              "Service": "tournament",
              "Team": "Platform"
            },
            "timeouts": null,
            "vpc_id": "vpc-09f33a37a61a241b3"
          },
          "sensitive_attributes": [],
          "private": "eyJlMmJmYjczMC1lY2FhLTExZTYtOGY4OC0zNDM2M2JjN2M0YzAiOnsiY3JlYXRlIjo2MDAwMDAwMDAwMDAsImRlbGV0ZSI6OTAwMDAwMDAwMDAwfSwic2NoZW1hX3ZlcnNpb24iOiIxIn0=",
          "dependencies": [
            "module.alb.aws_security_group.alb",
            "module.vpc.aws_vpc.main"
          ]
        }
      ]
    },
    {
      "module": "module.vpc",
      "mode": "data",
      "type": "aws_availability_zones",
      "name": "available",
      "provider": "provider[\"registry.terraform.io/hashicorp/aws\"]",
      "instances": [
        {
          "schema_version": 0,
          "attributes": {
            "all_availability_zones": null,
            "exclude_names": null,
            "exclude_zone_ids": null,
            "filter": null,
            "group_names": [
              "eu-central-1-zg-1"
            ],
            "id": "eu-central-1",
            "names": [
              "eu-central-1a",
              "eu-central-1b",
              "eu-central-1c"
            ],
            "state": "available",
            "timeouts": null,
            "zone_ids": [
              "euc1-az2",
              "euc1-az3",
              "euc1-az1"
            ]
          },
          "sensitive_attributes": []
        }
      ]
    },
    {
      "module": "module.vpc",
      "mode": "data",
      "type": "aws_region",
      "name": "current",
      "provider": "provider[\"registry.terraform.io/hashicorp/aws\"]",
      "instances": [
        {
          "schema_version": 0,
          "attributes": {
            "description": "Europe (Frankfurt)",
            "endpoint": "ec2.eu-central-1.amazonaws.com",
            "id": "eu-central-1",
            "name": "eu-central-1"
          },
          "sensitive_attributes": []
        }
      ]
    },
    {
      "module": "module.vpc",
      "mode": "managed",
      "type": "aws_internet_gateway",
      "name": "main",
      "provider": "provider[\"registry.terraform.io/hashicorp/aws\"]",
      "instances": [
        {
          "schema_version": 0,
          "attributes": {
            "arn": "arn:aws:ec2:eu-central-1:173517262742:internet-gateway/igw-0bb9d9dc1fe94342d",
            "id": "igw-0bb9d9dc1fe94342d",
            "owner_id": "173517262742",
            "tags": {
              "Name": "dev-winspire-igw",
              "Team": "Platform"
            },
            "tags_all": {
              "Environment": "dev",
              "ManagedBy": "Terraform",
              "Name": "dev-winspire-igw",
              "Project": "Winspire",
              "Team": "Platform"
            },
            "timeouts": null,
            "vpc_id": "vpc-09f33a37a61a241b3"
          },
          "sensitive_attributes": [],
          "private": "eyJlMmJmYjczMC1lY2FhLTExZTYtOGY4OC0zNDM2M2JjN2M0YzAiOnsiY3JlYXRlIjoxMjAwMDAwMDAwMDAwLCJkZWxldGUiOjEyMDAwMDAwMDAwMDAsInVwZGF0ZSI6MTIwMDAwMDAwMDAwMH19",
          "dependencies": [
            "module.vpc.aws_vpc.main"
          ]
        }
      ]
    },
    {
      "module": "module.vpc",
      "mode": "managed",
      "type": "aws_route_table",
      "name": "private",
      "provider": "provider[\"registry.terraform.io/hashicorp/aws\"]",
      "instances": [
        {
          "schema_version": 0,
          "attributes": {
            "arn": "arn:aws:ec2:eu-central-1:173517262742:route-table/rtb-0a3924c22bb1df6da",
            "id": "rtb-0a3924c22bb1df6da",
            "owner_id": "173517262742",
            "propagating_vgws": [],
            "route": [],
            "tags": {
              "Name": "dev-winspire-private-rt",
              "Team": "Platform"
            },
            "tags_all": {
              "Environment": "dev",
              "ManagedBy": "Terraform",
              "Name": "dev-winspire-private-rt",
              "Project": "Winspire",
              "Team": "Platform"
            },
            "timeouts": null,
            "vpc_id": "vpc-09f33a37a61a241b3"
          },
          "sensitive_attributes": [],
          "private": "eyJlMmJmYjczMC1lY2FhLTExZTYtOGY4OC0zNDM2M2JjN2M0YzAiOnsiY3JlYXRlIjozMDAwMDAwMDAwMDAsImRlbGV0ZSI6MzAwMDAwMDAwMDAwLCJ1cGRhdGUiOjEyMDAwMDAwMDAwMH19",
          "dependencies": [
            "module.vpc.aws_eip.nat",
            "module.vpc.aws_internet_gateway.main",
            "module.vpc.aws_nat_gateway.main",
            "module.vpc.aws_subnet.public",
            "module.vpc.aws_vpc.main",
            "module.vpc.data.aws_availability_zones.available"
          ]
        }
      ]
    },
    {
      "module": "module.vpc",
      "mode": "managed",
      "type": "aws_route_table",
      "name": "public",
      "provider": "provider[\"registry.terraform.io/hashicorp/aws\"]",
      "instances": [
        {
          "schema_version": 0,
          "attributes": {
            "arn": "arn:aws:ec2:eu-central-1:173517262742:route-table/rtb-0640c2e0f3848d5cf",
            "id": "rtb-0640c2e0f3848d5cf",
            "owner_id": "173517262742",
            "propagating_vgws": [],
            "route": [
              {
                "carrier_gateway_id": "",
                "cidr_block": "0.0.0.0/0",
                "core_network_arn": "",
                "destination_prefix_list_id": "",
                "egress_only_gateway_id": "",
                "gateway_id": "igw-0bb9d9dc1fe94342d",
                "ipv6_cidr_block": "",
                "local_gateway_id": "",
                "nat_gateway_id": "",
                "network_interface_id": "",
                "transit_gateway_id": "",
                "vpc_endpoint_id": "",
                "vpc_peering_connection_id": ""
              }
            ],
            "tags": {
              "Name": "dev-winspire-public-rt",
              "Team": "Platform"
            },
            "tags_all": {
              "Environment": "dev",
              "ManagedBy": "Terraform",
              "Name": "dev-winspire-public-rt",
              "Project": "Winspire",
              "Team": "Platform"
            },
            "timeouts": null,
            "vpc_id": "vpc-09f33a37a61a241b3"
          },
          "sensitive_attributes": [],
          "private": "eyJlMmJmYjczMC1lY2FhLTExZTYtOGY4OC0zNDM2M2JjN2M0YzAiOnsiY3JlYXRlIjozMDAwMDAwMDAwMDAsImRlbGV0ZSI6MzAwMDAwMDAwMDAwLCJ1cGRhdGUiOjEyMDAwMDAwMDAwMH19",
          "dependencies": [
            "module.vpc.aws_internet_gateway.main",
            "module.vpc.aws_vpc.main"
          ]
        }
      ]
    },
    {
      "module": "module.vpc",
      "mode": "managed",
      "type": "aws_route_table_association",
      "name": "private",
      "provider": "provider[\"registry.terraform.io/hashicorp/aws\"]",
      "instances": [
        {
          "index_key": 0,
          "schema_version": 0,
          "attributes": {
            "gateway_id": "",
            "id": "rtbassoc-07bc9748bfc37f063",
            "route_table_id": "rtb-0a3924c22bb1df6da",
            "subnet_id": "subnet-0618d163c10d84c04",
            "timeouts": null
          },
          "sensitive_attributes": [],
          "private": "eyJlMmJmYjczMC1lY2FhLTExZTYtOGY4OC0zNDM2M2JjN2M0YzAiOnsiY3JlYXRlIjozMDAwMDAwMDAwMDAsImRlbGV0ZSI6MzAwMDAwMDAwMDAwLCJ1cGRhdGUiOjEyMDAwMDAwMDAwMH19",
          "dependencies": [
            "module.vpc.aws_eip.nat",
            "module.vpc.aws_internet_gateway.main",
            "module.vpc.aws_nat_gateway.main",
            "module.vpc.aws_route_table.private",
            "module.vpc.aws_subnet.private",
            "module.vpc.aws_subnet.public",
            "module.vpc.aws_vpc.main",
            "module.vpc.data.aws_availability_zones.available"
          ]
        },
        {
          "index_key": 1,
          "schema_version": 0,
          "attributes": {
            "gateway_id": "",
            "id": "rtbassoc-0bf015921c516376c",
            "route_table_id": "rtb-0a3924c22bb1df6da",
            "subnet_id": "subnet-0857533f5a72fa121",
            "timeouts": null
          },
          "sensitive_attributes": [],
          "private": "eyJlMmJmYjczMC1lY2FhLTExZTYtOGY4OC0zNDM2M2JjN2M0YzAiOnsiY3JlYXRlIjozMDAwMDAwMDAwMDAsImRlbGV0ZSI6MzAwMDAwMDAwMDAwLCJ1cGRhdGUiOjEyMDAwMDAwMDAwMH19",
          "dependencies": [
            "module.vpc.aws_eip.nat",
            "module.vpc.aws_internet_gateway.main",
            "module.vpc.aws_nat_gateway.main",
            "module.vpc.aws_route_table.private",
            "module.vpc.aws_subnet.private",
            "module.vpc.aws_subnet.public",
            "module.vpc.aws_vpc.main",
            "module.vpc.data.aws_availability_zones.available"
          ]
        }
      ]
    },
    {
      "module": "module.vpc",
      "mode": "managed",
      "type": "aws_route_table_association",
      "name": "public",
      "provider": "provider[\"registry.terraform.io/hashicorp/aws\"]",
      "instances": [
        {
          "index_key": 0,
          "schema_version": 0,
          "attributes": {
            "gateway_id": "",
            "id": "rtbassoc-031821ec82d8e210b",
            "route_table_id": "rtb-0640c2e0f3848d5cf",
            "subnet_id": "subnet-0c1f13aee639399a6",
            "timeouts": null
          },
          "sensitive_attributes": [],
          "private": "eyJlMmJmYjczMC1lY2FhLTExZTYtOGY4OC0zNDM2M2JjN2M0YzAiOnsiY3JlYXRlIjozMDAwMDAwMDAwMDAsImRlbGV0ZSI6MzAwMDAwMDAwMDAwLCJ1cGRhdGUiOjEyMDAwMDAwMDAwMH19",
          "dependencies": [
            "module.vpc.aws_internet_gateway.main",
            "module.vpc.aws_route_table.public",
            "module.vpc.aws_subnet.public",
            "module.vpc.aws_vpc.main",
            "module.vpc.data.aws_availability_zones.available"
          ]
        },
        {
          "index_key": 1,
          "schema_version": 0,
          "attributes": {
            "gateway_id": "",
            "id": "rtbassoc-00a2c0e1c8cacea1f",
            "route_table_id": "rtb-0640c2e0f3848d5cf",
            "subnet_id": "subnet-018d074f9201ca07a",
            "timeouts": null
          },
          "sensitive_attributes": [],
          "private": "eyJlMmJmYjczMC1lY2FhLTExZTYtOGY4OC0zNDM2M2JjN2M0YzAiOnsiY3JlYXRlIjozMDAwMDAwMDAwMDAsImRlbGV0ZSI6MzAwMDAwMDAwMDAwLCJ1cGRhdGUiOjEyMDAwMDAwMDAwMH19",
          "dependencies": [
            "module.vpc.aws_internet_gateway.main",
            "module.vpc.aws_route_table.public",
            "module.vpc.aws_subnet.public",
            "module.vpc.aws_vpc.main",
            "module.vpc.data.aws_availability_zones.available"
          ]
        }
      ]
    },
    {
      "module": "module.vpc",
      "mode": "managed",
      "type": "aws_subnet",
      "name": "private",
      "provider": "provider[\"registry.terraform.io/hashicorp/aws\"]",
      "instances": [
        {
          "index_key": 0,
          "schema_version": 1,
          "attributes": {
            "arn": "arn:aws:ec2:eu-central-1:173517262742:subnet/subnet-0618d163c10d84c04",
            "assign_ipv6_address_on_creation": false,
            "availability_zone": "eu-central-1a",
            "availability_zone_id": "euc1-az2",
            "cidr_block": "10.0.32.0/20",
            "customer_owned_ipv4_pool": "",
            "enable_dns64": false,
            "enable_lni_at_device_index": 0,
            "enable_resource_name_dns_a_record_on_launch": false,
            "enable_resource_name_dns_aaaa_record_on_launch": false,
            "id": "subnet-0618d163c10d84c04",
            "ipv6_cidr_block": "",
            "ipv6_cidr_block_association_id": "",
            "ipv6_native": false,
            "map_customer_owned_ip_on_launch": false,
            "map_public_ip_on_launch": false,
            "outpost_arn": "",
            "owner_id": "173517262742",
            "private_dns_hostname_type_on_launch": "ip-name",
            "tags": {
              "Name": "dev-winspire-private-eu-central-1a",
              "Team": "Platform",
              "Tier": "private"
            },
            "tags_all": {
              "Environment": "dev",
              "ManagedBy": "Terraform",
              "Name": "dev-winspire-private-eu-central-1a",
              "Project": "Winspire",
              "Team": "Platform",
              "Tier": "private"
            },
            "timeouts": null,
            "vpc_id": "vpc-09f33a37a61a241b3"
          },
          "sensitive_attributes": [],
          "private": "eyJlMmJmYjczMC1lY2FhLTExZTYtOGY4OC0zNDM2M2JjN2M0YzAiOnsiY3JlYXRlIjo2MDAwMDAwMDAwMDAsImRlbGV0ZSI6MTIwMDAwMDAwMDAwMH0sInNjaGVtYV92ZXJzaW9uIjoiMSJ9",
          "dependencies": [
            "module.vpc.aws_vpc.main",
            "module.vpc.data.aws_availability_zones.available"
          ]
        },
        {
          "index_key": 1,
          "schema_version": 1,
          "attributes": {
            "arn": "arn:aws:ec2:eu-central-1:173517262742:subnet/subnet-0857533f5a72fa121",
            "assign_ipv6_address_on_creation": false,
            "availability_zone": "eu-central-1b",
            "availability_zone_id": "euc1-az3",
            "cidr_block": "10.0.48.0/20",
            "customer_owned_ipv4_pool": "",
            "enable_dns64": false,
            "enable_lni_at_device_index": 0,
            "enable_resource_name_dns_a_record_on_launch": false,
            "enable_resource_name_dns_aaaa_record_on_launch": false,
            "id": "subnet-0857533f5a72fa121",
            "ipv6_cidr_block": "",
            "ipv6_cidr_block_association_id": "",
            "ipv6_native": false,
            "map_customer_owned_ip_on_launch": false,
            "map_public_ip_on_launch": false,
            "outpost_arn": "",
            "owner_id": "173517262742",
            "private_dns_hostname_type_on_launch": "ip-name",
            "tags": {
              "Name": "dev-winspire-private-eu-central-1b",
              "Team": "Platform",
              "Tier": "private"
            },
            "tags_all": {
              "Environment": "dev",
              "ManagedBy": "Terraform",
              "Name": "dev-winspire-private-eu-central-1b",
              "Project": "Winspire",
              "Team": "Platform",
              "Tier": "private"
            },
            "timeouts": null,
            "vpc_id": "vpc-09f33a37a61a241b3"
          },
          "sensitive_attributes": [],
          "private": "eyJlMmJmYjczMC1lY2FhLTExZTYtOGY4OC0zNDM2M2JjN2M0YzAiOnsiY3JlYXRlIjo2MDAwMDAwMDAwMDAsImRlbGV0ZSI6MTIwMDAwMDAwMDAwMH0sInNjaGVtYV92ZXJzaW9uIjoiMSJ9",
          "dependencies": [
            "module.vpc.aws_vpc.main",
            "module.vpc.data.aws_availability_zones.available"
          ]
        }
      ]
    },
    {
      "module": "module.vpc",
      "mode": "managed",
      "type": "aws_subnet",
      "name": "public",
      "provider": "provider[\"registry.terraform.io/hashicorp/aws\"]",
      "instances": [
        {
          "index_key": 0,
          "schema_version": 1,
          "attributes": {
            "arn": "arn:aws:ec2:eu-central-1:173517262742:subnet/subnet-0c1f13aee639399a6",
            "assign_ipv6_address_on_creation": false,
            "availability_zone": "eu-central-1a",
            "availability_zone_id": "euc1-az2",
            "cidr_block": "10.0.0.0/20",
            "customer_owned_ipv4_pool": "",
            "enable_dns64": false,
            "enable_lni_at_device_index": 0,
            "enable_resource_name_dns_a_record_on_launch": false,
            "enable_resource_name_dns_aaaa_record_on_launch": false,
            "id": "subnet-0c1f13aee639399a6",
            "ipv6_cidr_block": "",
            "ipv6_cidr_block_association_id": "",
            "ipv6_native": false,
            "map_customer_owned_ip_on_launch": false,
            "map_public_ip_on_launch": true,
            "outpost_arn": "",
            "owner_id": "173517262742",
            "private_dns_hostname_type_on_launch": "ip-name",
            "tags": {
              "Name": "dev-winspire-public-eu-central-1a",
              "Team": "Platform",
              "Tier": "public"
            },
            "tags_all": {
              "Environment": "dev",
              "ManagedBy": "Terraform",
              "Name": "dev-winspire-public-eu-central-1a",
              "Project": "Winspire",
              "Team": "Platform",
              "Tier": "public"
            },
            "timeouts": null,
            "vpc_id": "vpc-09f33a37a61a241b3"
          },
          "sensitive_attributes": [],
          "private": "eyJlMmJmYjczMC1lY2FhLTExZTYtOGY4OC0zNDM2M2JjN2M0YzAiOnsiY3JlYXRlIjo2MDAwMDAwMDAwMDAsImRlbGV0ZSI6MTIwMDAwMDAwMDAwMH0sInNjaGVtYV92ZXJzaW9uIjoiMSJ9",
          "dependencies": [
            "module.vpc.aws_vpc.main",
            "module.vpc.data.aws_availability_zones.available"
          ]
        },
        {
          "index_key": 1,
          "schema_version": 1,
          "attributes": {
            "arn": "arn:aws:ec2:eu-central-1:173517262742:subnet/subnet-018d074f9201ca07a",
            "assign_ipv6_address_on_creation": false,
            "availability_zone": "eu-central-1b",
            "availability_zone_id": "euc1-az3",
            "cidr_block": "10.0.16.0/20",
            "customer_owned_ipv4_pool": "",
            "enable_dns64": false,
            "enable_lni_at_device_index": 0,
            "enable_resource_name_dns_a_record_on_launch": false,
            "enable_resource_name_dns_aaaa_record_on_launch": false,
            "id": "subnet-018d074f9201ca07a",
            "ipv6_cidr_block": "",
            "ipv6_cidr_block_association_id": "",
            "ipv6_native": false,
            "map_customer_owned_ip_on_launch": false,
            "map_public_ip_on_launch": true,
            "outpost_arn": "",
            "owner_id": "173517262742",
            "private_dns_hostname_type_on_launch": "ip-name",
            "tags": {
              "Name": "dev-winspire-public-eu-central-1b",
              "Team": "Platform",
              "Tier": "public"
            },
            "tags_all": {
              "Environment": "dev",
              "ManagedBy": "Terraform",
              "Name": "dev-winspire-public-eu-central-1b",
              "Project": "Winspire",
              "Team": "Platform",
              "Tier": "public"
            },
            "timeouts": null,
            "vpc_id": "vpc-09f33a37a61a241b3"
          },
          "sensitive_attributes": [],
          "private": "eyJlMmJmYjczMC1lY2FhLTExZTYtOGY4OC0zNDM2M2JjN2M0YzAiOnsiY3JlYXRlIjo2MDAwMDAwMDAwMDAsImRlbGV0ZSI6MTIwMDAwMDAwMDAwMH0sInNjaGVtYV92ZXJzaW9uIjoiMSJ9",
          "dependencies": [
            "module.vpc.aws_vpc.main",
            "module.vpc.data.aws_availability_zones.available"
          ]
        }
      ]
    },
    {
      "module": "module.vpc",
      "mode": "managed",
      "type": "aws_vpc",
      "name": "main",
      "provider": "provider[\"registry.terraform.io/hashicorp/aws\"]",
      "instances": [
        {
          "schema_version": 1,
          "attributes": {
            "arn": "arn:aws:ec2:eu-central-1:173517262742:vpc/vpc-09f33a37a61a241b3",
            "assign_generated_ipv6_cidr_block": false,
            "cidr_block": "10.0.0.0/16",
            "default_network_acl_id": "acl-02cf98253175f8ee5",
            "default_route_table_id": "rtb-08ed289dd55489443",
            "default_security_group_id": "sg-09988f8b83c25bd90",
            "dhcp_options_id": "dopt-05fb602892ef2419c",
            "enable_dns_hostnames": true,
            "enable_dns_support": true,
            "enable_network_address_usage_metrics": false,
            "id": "vpc-09f33a37a61a241b3",
            "instance_tenancy": "default",
            "ipv4_ipam_pool_id": null,
            "ipv4_netmask_length": null,
            "ipv6_association_id": "",
            "ipv6_cidr_block": "",
            "ipv6_cidr_block_network_border_group": "",
            "ipv6_ipam_pool_id": "",
            "ipv6_netmask_length": 0,
            "main_route_table_id": "rtb-08ed289dd55489443",
            "owner_id": "173517262742",
            "tags": {
              "Name": "dev-winspire-vpc",
              "Team": "Platform"
            },
            "tags_all": {
              "Environment": "dev",
              "ManagedBy": "Terraform",
              "Name": "dev-winspire-vpc",
              "Project": "Winspire",
              "Team": "Platform"
            }
          },
          "sensitive_attributes": [],
          "private": "eyJzY2hlbWFfdmVyc2lvbiI6IjEifQ=="
        }
      ]
    }
  ],
  "check_results": null
}
